
Microsoft Visual Studio Solution File, Format Version 12.00
# Visual Studio 15
VisualStudioVersion = 15.0.26124.0
MinimumVisualStudioVersion = 15.0.26124.0
Project("{2150E333-8FDC-42A3-9474-1A3956D46DE8}") = "services", "services", "{B2055DA8-AF2D-446E-93FD-30534525473B}"
EndProject
Project("{2150E333-8FDC-42A3-9474-1A3956D46DE8}") = "Mcma.Aws.ServiceRegistry", "Mcma.Aws.ServiceRegistry", "{1F9A3B22-B159-4AB8-B72E-16511C654128}"
EndProject
Project("{FAE04EC0-301F-11D3-BF4B-00C04F79EFBC}") = "Mcma.Aws.ServiceRegistry.ApiHandler", "services\Mcma.Aws.ServiceRegistry\ApiHandler\Mcma.Aws.ServiceRegistry.ApiHandler.csproj", "{304FDADE-BB25-4D68-91FF-66D96A9E4269}"
EndProject
Project("{2150E333-8FDC-42A3-9474-1A3956D46DE8}") = "Mcma.Aws.JobRepository", "Mcma.Aws.JobRepository", "{B30AADA1-5BC6-4AB0-B2FE-DA269505855E}"
EndProject
Project("{FAE04EC0-301F-11D3-BF4B-00C04F79EFBC}") = "Mcma.Aws.JobRepository.ApiHandler", "services\Mcma.Aws.JobRepository\ApiHandler\Mcma.Aws.JobRepository.ApiHandler.csproj", "{B6F51DB0-1C88-455D-BB55-F684C3EA59B6}"
EndProject
Project("{FAE04EC0-301F-11D3-BF4B-00C04F79EFBC}") = "Mcma.Aws.JobRepository.Worker", "services\Mcma.Aws.JobRepository\Worker\Mcma.Aws.JobRepository.Worker.csproj", "{B0C26D79-EB32-46D4-B236-C0BF838D4B26}"
EndProject
Project("{2150E333-8FDC-42A3-9474-1A3956D46DE8}") = "Mcma.Aws.JobProcessor", "Mcma.Aws.JobProcessor", "{A3B376D5-A376-4355-B75B-263267765A67}"
EndProject
Project("{FAE04EC0-301F-11D3-BF4B-00C04F79EFBC}") = "Mcma.Aws.JobProcessor.ApiHandler", "services\Mcma.Aws.JobProcessor\ApiHandler\Mcma.Aws.JobProcessor.ApiHandler.csproj", "{A0A45348-FDE1-434A-94CF-BB4F3DD17D71}"
EndProject
Project("{FAE04EC0-301F-11D3-BF4B-00C04F79EFBC}") = "Mcma.Aws.JobProcessor.Worker", "services\Mcma.Aws.JobProcessor\Worker\Mcma.Aws.JobProcessor.Worker.csproj", "{582A70BF-D7CE-4152-9EA4-DE19EBD1F2B2}"
EndProject
Project("{2150E333-8FDC-42A3-9474-1A3956D46DE8}") = "Mcma.Aws.TransformService", "Mcma.Aws.TransformService", "{E537D7B7-2CCD-4DB2-B262-D821B9DC8FFD}"
EndProject
Project("{FAE04EC0-301F-11D3-BF4B-00C04F79EFBC}") = "Mcma.Aws.TransformService.ApiHandler", "services\Mcma.Aws.TransformService\ApiHandler\Mcma.Aws.TransformService.ApiHandler.csproj", "{56FE9247-67B9-46A6-A894-5EFBD99E4EA1}"
EndProject
Project("{FAE04EC0-301F-11D3-BF4B-00C04F79EFBC}") = "Mcma.Aws.TransformService.Worker", "services\Mcma.Aws.TransformService\Worker\Mcma.Aws.TransformService.Worker.csproj", "{56F365CA-07C0-4238-97CC-13FCE9298894}"
EndProject
Project("{2150E333-8FDC-42A3-9474-1A3956D46DE8}") = "Mcma.Aws.WorkflowService", "Mcma.Aws.WorkflowService", "{5773A57A-49A6-43BC-9C95-4E3A395F5202}"
EndProject
Project("{FAE04EC0-301F-11D3-BF4B-00C04F79EFBC}") = "Mcma.Aws.WorkflowService.ApiHandler", "services\Mcma.Aws.WorkflowService\ApiHandler\Mcma.Aws.WorkflowService.ApiHandler.csproj", "{B495D585-DCAC-4914-A485-DCF03A7F33DC}"
EndProject
Project("{FAE04EC0-301F-11D3-BF4B-00C04F79EFBC}") = "Mcma.Aws.WorkflowService.Worker", "services\Mcma.Aws.WorkflowService\Worker\Mcma.Aws.WorkflowService.Worker.csproj", "{6B80F0CD-4410-4AEE-B05F-AD2876205D3F}"
EndProject
Project("{2150E333-8FDC-42A3-9474-1A3956D46DE8}") = "Mcma.Aws.AmeService", "Mcma.Aws.AmeService", "{2176F565-A28E-4DF7-BD4C-63BACBE7FEEB}"
EndProject
Project("{FAE04EC0-301F-11D3-BF4B-00C04F79EFBC}") = "Mcma.Aws.AmeService.ApiHandler", "services\Mcma.Aws.AmeService\ApiHandler\Mcma.Aws.AmeService.ApiHandler.csproj", "{E95C72AE-B584-42BD-A96B-455E9BF5CDFE}"
EndProject
Project("{FAE04EC0-301F-11D3-BF4B-00C04F79EFBC}") = "Mcma.Aws.AmeService.Worker", "services\Mcma.Aws.AmeService\Worker\Mcma.Aws.AmeService.Worker.csproj", "{EEF9A747-1BA3-4803-BD0C-C9B6B12338C6}"
EndProject
Project("{2150E333-8FDC-42A3-9474-1A3956D46DE8}") = "Mcma.Aws.AwsAiService", "Mcma.Aws.AwsAiService", "{D4632407-322F-4BC3-941A-EE80BB948272}"
EndProject
Project("{FAE04EC0-301F-11D3-BF4B-00C04F79EFBC}") = "Mcma.Aws.AwsAiService.ApiHandler", "services\Mcma.Aws.AwsAiService\ApiHandler\Mcma.Aws.AwsAiService.ApiHandler.csproj", "{1F076228-B668-4FB9-96DD-55EECC16161B}"
EndProject
Project("{FAE04EC0-301F-11D3-BF4B-00C04F79EFBC}") = "Mcma.Aws.AwsAiService.Worker", "services\Mcma.Aws.AwsAiService\Worker\Mcma.Aws.AwsAiService.Worker.csproj", "{58B6F467-EB55-4805-AA73-A188D37F24B7}"
EndProject
Project("{FAE04EC0-301F-11D3-BF4B-00C04F79EFBC}") = "Mcma.Aws.AwsAiService.SnsTrigger", "services\Mcma.Aws.AwsAiService\SnsTrigger\Mcma.Aws.AwsAiService.SnsTrigger.csproj", "{897D7521-0C48-4BE4-998B-CD7F9EA78FB4}"
EndProject
Project("{FAE04EC0-301F-11D3-BF4B-00C04F79EFBC}") = "Mcma.Aws.AwsAiService.S3Trigger", "services\Mcma.Aws.AwsAiService\S3Trigger\Mcma.Aws.AwsAiService.S3Trigger.csproj", "{3EFD49E6-0159-4157-9D46-42BA88A87D1B}"
EndProject
Project("{2150E333-8FDC-42A3-9474-1A3956D46DE8}") = "Mcma.Aws.AzureAiService", "Mcma.Aws.AzureAiService", "{893EB11B-4825-4040-AF8D-DC4A24E35054}"
EndProject
Project("{FAE04EC0-301F-11D3-BF4B-00C04F79EFBC}") = "Mcma.Aws.AzureAiService.ApiHandler", "services\Mcma.Aws.AzureAiService\ApiHandler\Mcma.Aws.AzureAiService.ApiHandler.csproj", "{36C7B622-5F46-4B73-A68E-0D09D0A09750}"
EndProject
Project("{FAE04EC0-301F-11D3-BF4B-00C04F79EFBC}") = "Mcma.Aws.AzureAiService.Worker", "services\Mcma.Aws.AzureAiService\Worker\Mcma.Aws.AzureAiService.Worker.csproj", "{179D5439-73E0-4092-8F9C-9CA5CB25BC93}"
EndProject
Project("{2150E333-8FDC-42A3-9474-1A3956D46DE8}") = "workflows", "workflows", "{8FDB14B3-DD31-4EC3-9E3C-913BB94E33D2}"
EndProject
Project("{2150E333-8FDC-42A3-9474-1A3956D46DE8}") = "conform", "conform", "{4851125F-44C6-4504-BA82-2BF4083591B5}"
EndProject
Project("{FAE04EC0-301F-11D3-BF4B-00C04F79EFBC}") = "Mcma.Aws.Workflows.Conform.ValidateWorkflowInput", "workflows\conform\01-ValidateWorkflowInput\Mcma.Aws.Workflows.Conform.ValidateWorkflowInput.csproj", "{06C60512-DFB9-472A-B75E-C42B468FD027}"
EndProject
Project("{FAE04EC0-301F-11D3-BF4B-00C04F79EFBC}") = "Mcma.Aws.Workflows.Conform.MoveContentToFileRep", "workflows\conform\02-MoveContentToFileRep\Mcma.Aws.Workflows.Conform.MoveContentToFileRep.csproj", "{AE3B2B8E-0A68-4265-B2D8-CA1509278BC6}"
EndProject
Project("{FAE04EC0-301F-11D3-BF4B-00C04F79EFBC}") = "Mcma.Aws.Workflows.Conform.CreateMediaAsset", "workflows\conform\03-CreateMediaAsset\Mcma.Aws.Workflows.Conform.CreateMediaAsset.csproj", "{D850FACB-7932-4589-B67F-0B8C82F3CCD8}"
EndProject
Project("{FAE04EC0-301F-11D3-BF4B-00C04F79EFBC}") = "Mcma.Aws.Workflows.Conform.ExtractTechnicalMetadata", "workflows\conform\04-ExtractTechnicalMetadata\Mcma.Aws.Workflows.Conform.ExtractTechnicalMetadata.csproj", "{6DCD672E-4F75-48AB-92BF-FDEA53D4CCFD}"
EndProject
Project("{FAE04EC0-301F-11D3-BF4B-00C04F79EFBC}") = "Mcma.Aws.Workflows.Conform.RegisterTechnicalMetadata", "workflows\conform\05-RegisterTechnicalMetadata\Mcma.Aws.Workflows.Conform.RegisterTechnicalMetadata.csproj", "{A1030A8F-D985-4F30-915C-59115A0380DC}"
EndProject
Project("{FAE04EC0-301F-11D3-BF4B-00C04F79EFBC}") = "Mcma.Aws.Workflows.Conform.DecideTranscodeReqs", "workflows\conform\06-DecideTranscodeReqs\Mcma.Aws.Workflows.Conform.DecideTranscodeReqs.csproj", "{AB03904D-A236-456F-98CD-357EC82D5484}"
EndProject
Project("{FAE04EC0-301F-11D3-BF4B-00C04F79EFBC}") = "Mcma.Aws.Workflows.Conform.ShortTranscode", "workflows\conform\07a-ShortTranscode\Mcma.Aws.Workflows.Conform.ShortTranscode.csproj", "{6C25F81F-2B66-48BB-895C-10EFE0B7BC31}"
EndProject
Project("{FAE04EC0-301F-11D3-BF4B-00C04F79EFBC}") = "Mcma.Aws.Workflows.Conform.LongTranscode", "workflows\conform\07b-LongTranscode\Mcma.Aws.Workflows.Conform.LongTranscode.csproj", "{990E4F0D-C207-4DD3-94AF-26C1B84611B7}"
EndProject
Project("{FAE04EC0-301F-11D3-BF4B-00C04F79EFBC}") = "Mcma.Aws.Workflows.Conform.RegisterProxyEssence", "workflows\conform\08-RegisterProxyEssence\Mcma.Aws.Workflows.Conform.RegisterProxyEssence.csproj", "{B1684A77-17AC-43CF-B23C-2941490E4D86}"
EndProject
Project("{FAE04EC0-301F-11D3-BF4B-00C04F79EFBC}") = "Mcma.Aws.Workflows.Conform.CopyProxyToWebsiteStorage", "workflows\conform\09-CopyProxyToWebsiteStorage\Mcma.Aws.Workflows.Conform.CopyProxyToWebsiteStorage.csproj", "{EC750E5A-2480-40EE-B241-09CBAA0E1F12}"
EndProject
Project("{FAE04EC0-301F-11D3-BF4B-00C04F79EFBC}") = "Mcma.Aws.Workflows.Conform.RegisterProxyWebsiteLoc", "workflows\conform\10-RegisterProxyWebsiteLoc\Mcma.Aws.Workflows.Conform.RegisterProxyWebsiteLoc.csproj", "{84BDA228-0A32-4440-AB24-BA7DE0F7D0F3}"
EndProject
Project("{FAE04EC0-301F-11D3-BF4B-00C04F79EFBC}") = "Mcma.Aws.Workflows.Conform.StartAiWorkflow", "workflows\conform\11-StartAiWorkflow\Mcma.Aws.Workflows.Conform.StartAiWorkflow.csproj", "{2FF9FCB3-C924-4C2C-BEC9-CC2B6E4FDBFE}"
EndProject
Project("{FAE04EC0-301F-11D3-BF4B-00C04F79EFBC}") = "Mcma.Aws.Workflows.ProcessWorkflowCompletion", "workflows\ProcessWorkflowCompletion\Mcma.Aws.Workflows.ProcessWorkflowCompletion.csproj", "{7CFA4692-D2FA-47CA-8D42-D865A811F5D4}"
EndProject
Project("{FAE04EC0-301F-11D3-BF4B-00C04F79EFBC}") = "Mcma.Aws.Workflows.ProcessWorkflowFailure", "workflows\ProcessWorkflowFailure\Mcma.Aws.Workflows.ProcessWorkflowFailure.csproj", "{EA4B5951-080D-4C68-AEAC-91F5CB8B70E4}"
EndProject
Project("{FAE04EC0-301F-11D3-BF4B-00C04F79EFBC}") = "Mcma.Aws.Workflows.WorkflowActivityCallbackHandler", "workflows\WorkflowActivityCallbackHandler\Mcma.Aws.Workflows.WorkflowActivityCallbackHandler.csproj", "{454E1710-9CAF-4645-9DF1-A28324E1C1D6}"
EndProject
Project("{FAE04EC0-301F-11D3-BF4B-00C04F79EFBC}") = "Mcma.Aws.AzureAiService.ApiInsecure", "services\Mcma.Aws.AzureAiService\ApiInsecure\Mcma.Aws.AzureAiService.ApiInsecure.csproj", "{89125436-D8E5-494D-85A8-D49F48E040C0}"
EndProject
Project("{2150E333-8FDC-42A3-9474-1A3956D46DE8}") = "ai", "ai", "{70018580-BCA7-4766-8FE8-239627ADAF47}"
EndProject
Project("{FAE04EC0-301F-11D3-BF4B-00C04F79EFBC}") = "Mcma.Aws.Workflows.Ai.ValidateWorkflowInput", "workflows\ai\01-ValidateWorkflowInput\Mcma.Aws.Workflows.Ai.ValidateWorkflowInput.csproj", "{09F1CED4-ECF7-49C0-962B-083A14FB2BAC}"
EndProject
Project("{FAE04EC0-301F-11D3-BF4B-00C04F79EFBC}") = "Mcma.Aws.Workflows.Ai.ExtractSpeechToText", "workflows\ai\02-ExtractSpeechToText\Mcma.Aws.Workflows.Ai.ExtractSpeechToText.csproj", "{93DD390E-8AAB-40AC-BF1F-8AFB4913DCE6}"
EndProject
Project("{FAE04EC0-301F-11D3-BF4B-00C04F79EFBC}") = "Mcma.Aws.Workflows.Ai.RegisterSpeechToTextOutput", "workflows\ai\03-RegisterSpeechToTextOutput\Mcma.Aws.Workflows.Ai.RegisterSpeechToTextOutput.csproj", "{4BDF9D93-C29A-4436-B4DF-0DDC2E321E99}"
EndProject
Project("{FAE04EC0-301F-11D3-BF4B-00C04F79EFBC}") = "Mcma.Aws.Workflows.Ai.TranslateSpeechTranscription", "workflows\ai\04-TranslateSpeechTranscription\Mcma.Aws.Workflows.Ai.TranslateSpeechTranscription.csproj", "{61374A68-5257-4708-ACCA-DB0E1CD9CD01}"
EndProject
Project("{FAE04EC0-301F-11D3-BF4B-00C04F79EFBC}") = "Mcma.Aws.Workflows.Ai.RegisterSpeechTranslation", "workflows\ai\05-RegisterSpeechTranslation\Mcma.Aws.Workflows.Ai.RegisterSpeechTranslation.csproj", "{13AF2F55-70BF-46F2-917E-A9F595E4DC71}"
EndProject
Project("{FAE04EC0-301F-11D3-BF4B-00C04F79EFBC}") = "Mcma.Aws.Workflows.Ai.DetectCelebritiesAws", "workflows\ai\06-DetectCelebritiesAws\Mcma.Aws.Workflows.Ai.DetectCelebritiesAws.csproj", "{71CCCA2F-9B53-451A-A9BB-0DCF7866F8A3}"
EndProject
Project("{FAE04EC0-301F-11D3-BF4B-00C04F79EFBC}") = "Mcma.Aws.Workflows.Ai.RegisterCelebritiesInfoAws", "workflows\ai\07-RegisterCelebritiesInfoAws\Mcma.Aws.Workflows.Ai.RegisterCelebritiesInfoAws.csproj", "{621F9277-DB13-4A51-98DC-4B3D452493A1}"
EndProject
Project("{FAE04EC0-301F-11D3-BF4B-00C04F79EFBC}") = "Mcma.Aws.Workflows.Ai.DetectCelebritiesAzure", "workflows\ai\08-DetectCelebritiesAzure\Mcma.Aws.Workflows.Ai.DetectCelebritiesAzure.csproj", "{31C726D5-B385-4E15-AD6B-3EFFE9E26938}"
EndProject
Project("{FAE04EC0-301F-11D3-BF4B-00C04F79EFBC}") = "Mcma.Aws.Workflows.Ai.RegisterCelebritiesInfoAzure", "workflows\ai\09-RegisterCelebritiesInfoAzure\Mcma.Aws.Workflows.Ai.RegisterCelebritiesInfoAzure.csproj", "{F079D426-A9EB-4BF3-9BFB-8411A456AF1B}"
EndProject
Project("{2150E333-8FDC-42A3-9474-1A3956D46DE8}") = "Mcma.Azure.MediaRepository", "Mcma.Azure.MediaRepository", "{C5D42299-E294-41A0-B281-9B02D466E1CC}"
EndProject
Project("{FAE04EC0-301F-11D3-BF4B-00C04F79EFBC}") = "Mcma.Azure.MediaRepository.ApiHandler", "services\Mcma.Azure.MediaRepository\ApiHandler\Mcma.Azure.MediaRepository.ApiHandler.csproj", "{3A5CF08F-DAD5-475C-9B92-A7A6B19467B9}"
EndProject
Global
	GlobalSection(SolutionConfigurationPlatforms) = preSolution
		Debug|Any CPU = Debug|Any CPU
		Debug|x64 = Debug|x64
		Debug|x86 = Debug|x86
		Release|Any CPU = Release|Any CPU
		Release|x64 = Release|x64
		Release|x86 = Release|x86
	EndGlobalSection
	GlobalSection(SolutionProperties) = preSolution
		HideSolutionNode = FALSE
	EndGlobalSection
	GlobalSection(ProjectConfigurationPlatforms) = postSolution
		{304FDADE-BB25-4D68-91FF-66D96A9E4269}.Debug|Any CPU.ActiveCfg = Debug|Any CPU
		{304FDADE-BB25-4D68-91FF-66D96A9E4269}.Debug|Any CPU.Build.0 = Debug|Any CPU
		{304FDADE-BB25-4D68-91FF-66D96A9E4269}.Debug|x64.ActiveCfg = Debug|Any CPU
		{304FDADE-BB25-4D68-91FF-66D96A9E4269}.Debug|x64.Build.0 = Debug|Any CPU
		{304FDADE-BB25-4D68-91FF-66D96A9E4269}.Debug|x86.ActiveCfg = Debug|Any CPU
		{304FDADE-BB25-4D68-91FF-66D96A9E4269}.Debug|x86.Build.0 = Debug|Any CPU
		{304FDADE-BB25-4D68-91FF-66D96A9E4269}.Release|Any CPU.ActiveCfg = Release|Any CPU
		{304FDADE-BB25-4D68-91FF-66D96A9E4269}.Release|Any CPU.Build.0 = Release|Any CPU
		{304FDADE-BB25-4D68-91FF-66D96A9E4269}.Release|x64.ActiveCfg = Release|Any CPU
		{304FDADE-BB25-4D68-91FF-66D96A9E4269}.Release|x64.Build.0 = Release|Any CPU
		{304FDADE-BB25-4D68-91FF-66D96A9E4269}.Release|x86.ActiveCfg = Release|Any CPU
		{304FDADE-BB25-4D68-91FF-66D96A9E4269}.Release|x86.Build.0 = Release|Any CPU
		{B6F51DB0-1C88-455D-BB55-F684C3EA59B6}.Debug|Any CPU.ActiveCfg = Debug|Any CPU
		{B6F51DB0-1C88-455D-BB55-F684C3EA59B6}.Debug|Any CPU.Build.0 = Debug|Any CPU
		{B6F51DB0-1C88-455D-BB55-F684C3EA59B6}.Debug|x64.ActiveCfg = Debug|Any CPU
		{B6F51DB0-1C88-455D-BB55-F684C3EA59B6}.Debug|x64.Build.0 = Debug|Any CPU
		{B6F51DB0-1C88-455D-BB55-F684C3EA59B6}.Debug|x86.ActiveCfg = Debug|Any CPU
		{B6F51DB0-1C88-455D-BB55-F684C3EA59B6}.Debug|x86.Build.0 = Debug|Any CPU
		{B6F51DB0-1C88-455D-BB55-F684C3EA59B6}.Release|Any CPU.ActiveCfg = Release|Any CPU
		{B6F51DB0-1C88-455D-BB55-F684C3EA59B6}.Release|Any CPU.Build.0 = Release|Any CPU
		{B6F51DB0-1C88-455D-BB55-F684C3EA59B6}.Release|x64.ActiveCfg = Release|Any CPU
		{B6F51DB0-1C88-455D-BB55-F684C3EA59B6}.Release|x64.Build.0 = Release|Any CPU
		{B6F51DB0-1C88-455D-BB55-F684C3EA59B6}.Release|x86.ActiveCfg = Release|Any CPU
		{B6F51DB0-1C88-455D-BB55-F684C3EA59B6}.Release|x86.Build.0 = Release|Any CPU
		{B0C26D79-EB32-46D4-B236-C0BF838D4B26}.Debug|Any CPU.ActiveCfg = Debug|Any CPU
		{B0C26D79-EB32-46D4-B236-C0BF838D4B26}.Debug|Any CPU.Build.0 = Debug|Any CPU
		{B0C26D79-EB32-46D4-B236-C0BF838D4B26}.Debug|x64.ActiveCfg = Debug|Any CPU
		{B0C26D79-EB32-46D4-B236-C0BF838D4B26}.Debug|x64.Build.0 = Debug|Any CPU
		{B0C26D79-EB32-46D4-B236-C0BF838D4B26}.Debug|x86.ActiveCfg = Debug|Any CPU
		{B0C26D79-EB32-46D4-B236-C0BF838D4B26}.Debug|x86.Build.0 = Debug|Any CPU
		{B0C26D79-EB32-46D4-B236-C0BF838D4B26}.Release|Any CPU.ActiveCfg = Release|Any CPU
		{B0C26D79-EB32-46D4-B236-C0BF838D4B26}.Release|Any CPU.Build.0 = Release|Any CPU
		{B0C26D79-EB32-46D4-B236-C0BF838D4B26}.Release|x64.ActiveCfg = Release|Any CPU
		{B0C26D79-EB32-46D4-B236-C0BF838D4B26}.Release|x64.Build.0 = Release|Any CPU
		{B0C26D79-EB32-46D4-B236-C0BF838D4B26}.Release|x86.ActiveCfg = Release|Any CPU
		{B0C26D79-EB32-46D4-B236-C0BF838D4B26}.Release|x86.Build.0 = Release|Any CPU
		{A0A45348-FDE1-434A-94CF-BB4F3DD17D71}.Debug|Any CPU.ActiveCfg = Debug|Any CPU
		{A0A45348-FDE1-434A-94CF-BB4F3DD17D71}.Debug|Any CPU.Build.0 = Debug|Any CPU
		{A0A45348-FDE1-434A-94CF-BB4F3DD17D71}.Debug|x64.ActiveCfg = Debug|Any CPU
		{A0A45348-FDE1-434A-94CF-BB4F3DD17D71}.Debug|x64.Build.0 = Debug|Any CPU
		{A0A45348-FDE1-434A-94CF-BB4F3DD17D71}.Debug|x86.ActiveCfg = Debug|Any CPU
		{A0A45348-FDE1-434A-94CF-BB4F3DD17D71}.Debug|x86.Build.0 = Debug|Any CPU
		{A0A45348-FDE1-434A-94CF-BB4F3DD17D71}.Release|Any CPU.ActiveCfg = Release|Any CPU
		{A0A45348-FDE1-434A-94CF-BB4F3DD17D71}.Release|Any CPU.Build.0 = Release|Any CPU
		{A0A45348-FDE1-434A-94CF-BB4F3DD17D71}.Release|x64.ActiveCfg = Release|Any CPU
		{A0A45348-FDE1-434A-94CF-BB4F3DD17D71}.Release|x64.Build.0 = Release|Any CPU
		{A0A45348-FDE1-434A-94CF-BB4F3DD17D71}.Release|x86.ActiveCfg = Release|Any CPU
		{A0A45348-FDE1-434A-94CF-BB4F3DD17D71}.Release|x86.Build.0 = Release|Any CPU
		{582A70BF-D7CE-4152-9EA4-DE19EBD1F2B2}.Debug|Any CPU.ActiveCfg = Debug|Any CPU
		{582A70BF-D7CE-4152-9EA4-DE19EBD1F2B2}.Debug|Any CPU.Build.0 = Debug|Any CPU
		{582A70BF-D7CE-4152-9EA4-DE19EBD1F2B2}.Debug|x64.ActiveCfg = Debug|Any CPU
		{582A70BF-D7CE-4152-9EA4-DE19EBD1F2B2}.Debug|x64.Build.0 = Debug|Any CPU
		{582A70BF-D7CE-4152-9EA4-DE19EBD1F2B2}.Debug|x86.ActiveCfg = Debug|Any CPU
		{582A70BF-D7CE-4152-9EA4-DE19EBD1F2B2}.Debug|x86.Build.0 = Debug|Any CPU
		{582A70BF-D7CE-4152-9EA4-DE19EBD1F2B2}.Release|Any CPU.ActiveCfg = Release|Any CPU
		{582A70BF-D7CE-4152-9EA4-DE19EBD1F2B2}.Release|Any CPU.Build.0 = Release|Any CPU
		{582A70BF-D7CE-4152-9EA4-DE19EBD1F2B2}.Release|x64.ActiveCfg = Release|Any CPU
		{582A70BF-D7CE-4152-9EA4-DE19EBD1F2B2}.Release|x64.Build.0 = Release|Any CPU
		{582A70BF-D7CE-4152-9EA4-DE19EBD1F2B2}.Release|x86.ActiveCfg = Release|Any CPU
		{582A70BF-D7CE-4152-9EA4-DE19EBD1F2B2}.Release|x86.Build.0 = Release|Any CPU
		{56FE9247-67B9-46A6-A894-5EFBD99E4EA1}.Debug|Any CPU.ActiveCfg = Debug|Any CPU
		{56FE9247-67B9-46A6-A894-5EFBD99E4EA1}.Debug|Any CPU.Build.0 = Debug|Any CPU
		{56FE9247-67B9-46A6-A894-5EFBD99E4EA1}.Debug|x64.ActiveCfg = Debug|Any CPU
		{56FE9247-67B9-46A6-A894-5EFBD99E4EA1}.Debug|x64.Build.0 = Debug|Any CPU
		{56FE9247-67B9-46A6-A894-5EFBD99E4EA1}.Debug|x86.ActiveCfg = Debug|Any CPU
		{56FE9247-67B9-46A6-A894-5EFBD99E4EA1}.Debug|x86.Build.0 = Debug|Any CPU
		{56FE9247-67B9-46A6-A894-5EFBD99E4EA1}.Release|Any CPU.ActiveCfg = Release|Any CPU
		{56FE9247-67B9-46A6-A894-5EFBD99E4EA1}.Release|Any CPU.Build.0 = Release|Any CPU
		{56FE9247-67B9-46A6-A894-5EFBD99E4EA1}.Release|x64.ActiveCfg = Release|Any CPU
		{56FE9247-67B9-46A6-A894-5EFBD99E4EA1}.Release|x64.Build.0 = Release|Any CPU
		{56FE9247-67B9-46A6-A894-5EFBD99E4EA1}.Release|x86.ActiveCfg = Release|Any CPU
		{56FE9247-67B9-46A6-A894-5EFBD99E4EA1}.Release|x86.Build.0 = Release|Any CPU
		{56F365CA-07C0-4238-97CC-13FCE9298894}.Debug|Any CPU.ActiveCfg = Debug|Any CPU
		{56F365CA-07C0-4238-97CC-13FCE9298894}.Debug|Any CPU.Build.0 = Debug|Any CPU
		{56F365CA-07C0-4238-97CC-13FCE9298894}.Debug|x64.ActiveCfg = Debug|Any CPU
		{56F365CA-07C0-4238-97CC-13FCE9298894}.Debug|x64.Build.0 = Debug|Any CPU
		{56F365CA-07C0-4238-97CC-13FCE9298894}.Debug|x86.ActiveCfg = Debug|Any CPU
		{56F365CA-07C0-4238-97CC-13FCE9298894}.Debug|x86.Build.0 = Debug|Any CPU
		{56F365CA-07C0-4238-97CC-13FCE9298894}.Release|Any CPU.ActiveCfg = Release|Any CPU
		{56F365CA-07C0-4238-97CC-13FCE9298894}.Release|Any CPU.Build.0 = Release|Any CPU
		{56F365CA-07C0-4238-97CC-13FCE9298894}.Release|x64.ActiveCfg = Release|Any CPU
		{56F365CA-07C0-4238-97CC-13FCE9298894}.Release|x64.Build.0 = Release|Any CPU
		{56F365CA-07C0-4238-97CC-13FCE9298894}.Release|x86.ActiveCfg = Release|Any CPU
		{56F365CA-07C0-4238-97CC-13FCE9298894}.Release|x86.Build.0 = Release|Any CPU
		{B495D585-DCAC-4914-A485-DCF03A7F33DC}.Debug|Any CPU.ActiveCfg = Debug|Any CPU
		{B495D585-DCAC-4914-A485-DCF03A7F33DC}.Debug|Any CPU.Build.0 = Debug|Any CPU
		{B495D585-DCAC-4914-A485-DCF03A7F33DC}.Debug|x64.ActiveCfg = Debug|Any CPU
		{B495D585-DCAC-4914-A485-DCF03A7F33DC}.Debug|x64.Build.0 = Debug|Any CPU
		{B495D585-DCAC-4914-A485-DCF03A7F33DC}.Debug|x86.ActiveCfg = Debug|Any CPU
		{B495D585-DCAC-4914-A485-DCF03A7F33DC}.Debug|x86.Build.0 = Debug|Any CPU
		{B495D585-DCAC-4914-A485-DCF03A7F33DC}.Release|Any CPU.ActiveCfg = Release|Any CPU
		{B495D585-DCAC-4914-A485-DCF03A7F33DC}.Release|Any CPU.Build.0 = Release|Any CPU
		{B495D585-DCAC-4914-A485-DCF03A7F33DC}.Release|x64.ActiveCfg = Release|Any CPU
		{B495D585-DCAC-4914-A485-DCF03A7F33DC}.Release|x64.Build.0 = Release|Any CPU
		{B495D585-DCAC-4914-A485-DCF03A7F33DC}.Release|x86.ActiveCfg = Release|Any CPU
		{B495D585-DCAC-4914-A485-DCF03A7F33DC}.Release|x86.Build.0 = Release|Any CPU
		{6B80F0CD-4410-4AEE-B05F-AD2876205D3F}.Debug|Any CPU.ActiveCfg = Debug|Any CPU
		{6B80F0CD-4410-4AEE-B05F-AD2876205D3F}.Debug|Any CPU.Build.0 = Debug|Any CPU
		{6B80F0CD-4410-4AEE-B05F-AD2876205D3F}.Debug|x64.ActiveCfg = Debug|Any CPU
		{6B80F0CD-4410-4AEE-B05F-AD2876205D3F}.Debug|x64.Build.0 = Debug|Any CPU
		{6B80F0CD-4410-4AEE-B05F-AD2876205D3F}.Debug|x86.ActiveCfg = Debug|Any CPU
		{6B80F0CD-4410-4AEE-B05F-AD2876205D3F}.Debug|x86.Build.0 = Debug|Any CPU
		{6B80F0CD-4410-4AEE-B05F-AD2876205D3F}.Release|Any CPU.ActiveCfg = Release|Any CPU
		{6B80F0CD-4410-4AEE-B05F-AD2876205D3F}.Release|Any CPU.Build.0 = Release|Any CPU
		{6B80F0CD-4410-4AEE-B05F-AD2876205D3F}.Release|x64.ActiveCfg = Release|Any CPU
		{6B80F0CD-4410-4AEE-B05F-AD2876205D3F}.Release|x64.Build.0 = Release|Any CPU
		{6B80F0CD-4410-4AEE-B05F-AD2876205D3F}.Release|x86.ActiveCfg = Release|Any CPU
		{6B80F0CD-4410-4AEE-B05F-AD2876205D3F}.Release|x86.Build.0 = Release|Any CPU
		{E95C72AE-B584-42BD-A96B-455E9BF5CDFE}.Debug|Any CPU.ActiveCfg = Debug|Any CPU
		{E95C72AE-B584-42BD-A96B-455E9BF5CDFE}.Debug|Any CPU.Build.0 = Debug|Any CPU
		{E95C72AE-B584-42BD-A96B-455E9BF5CDFE}.Debug|x64.ActiveCfg = Debug|Any CPU
		{E95C72AE-B584-42BD-A96B-455E9BF5CDFE}.Debug|x64.Build.0 = Debug|Any CPU
		{E95C72AE-B584-42BD-A96B-455E9BF5CDFE}.Debug|x86.ActiveCfg = Debug|Any CPU
		{E95C72AE-B584-42BD-A96B-455E9BF5CDFE}.Debug|x86.Build.0 = Debug|Any CPU
		{E95C72AE-B584-42BD-A96B-455E9BF5CDFE}.Release|Any CPU.ActiveCfg = Release|Any CPU
		{E95C72AE-B584-42BD-A96B-455E9BF5CDFE}.Release|Any CPU.Build.0 = Release|Any CPU
		{E95C72AE-B584-42BD-A96B-455E9BF5CDFE}.Release|x64.ActiveCfg = Release|Any CPU
		{E95C72AE-B584-42BD-A96B-455E9BF5CDFE}.Release|x64.Build.0 = Release|Any CPU
		{E95C72AE-B584-42BD-A96B-455E9BF5CDFE}.Release|x86.ActiveCfg = Release|Any CPU
		{E95C72AE-B584-42BD-A96B-455E9BF5CDFE}.Release|x86.Build.0 = Release|Any CPU
		{EEF9A747-1BA3-4803-BD0C-C9B6B12338C6}.Debug|Any CPU.ActiveCfg = Debug|Any CPU
		{EEF9A747-1BA3-4803-BD0C-C9B6B12338C6}.Debug|Any CPU.Build.0 = Debug|Any CPU
		{EEF9A747-1BA3-4803-BD0C-C9B6B12338C6}.Debug|x64.ActiveCfg = Debug|Any CPU
		{EEF9A747-1BA3-4803-BD0C-C9B6B12338C6}.Debug|x64.Build.0 = Debug|Any CPU
		{EEF9A747-1BA3-4803-BD0C-C9B6B12338C6}.Debug|x86.ActiveCfg = Debug|Any CPU
		{EEF9A747-1BA3-4803-BD0C-C9B6B12338C6}.Debug|x86.Build.0 = Debug|Any CPU
		{EEF9A747-1BA3-4803-BD0C-C9B6B12338C6}.Release|Any CPU.ActiveCfg = Release|Any CPU
		{EEF9A747-1BA3-4803-BD0C-C9B6B12338C6}.Release|Any CPU.Build.0 = Release|Any CPU
		{EEF9A747-1BA3-4803-BD0C-C9B6B12338C6}.Release|x64.ActiveCfg = Release|Any CPU
		{EEF9A747-1BA3-4803-BD0C-C9B6B12338C6}.Release|x64.Build.0 = Release|Any CPU
		{EEF9A747-1BA3-4803-BD0C-C9B6B12338C6}.Release|x86.ActiveCfg = Release|Any CPU
		{EEF9A747-1BA3-4803-BD0C-C9B6B12338C6}.Release|x86.Build.0 = Release|Any CPU
		{1F076228-B668-4FB9-96DD-55EECC16161B}.Debug|Any CPU.ActiveCfg = Debug|Any CPU
		{1F076228-B668-4FB9-96DD-55EECC16161B}.Debug|Any CPU.Build.0 = Debug|Any CPU
		{1F076228-B668-4FB9-96DD-55EECC16161B}.Debug|x64.ActiveCfg = Debug|Any CPU
		{1F076228-B668-4FB9-96DD-55EECC16161B}.Debug|x64.Build.0 = Debug|Any CPU
		{1F076228-B668-4FB9-96DD-55EECC16161B}.Debug|x86.ActiveCfg = Debug|Any CPU
		{1F076228-B668-4FB9-96DD-55EECC16161B}.Debug|x86.Build.0 = Debug|Any CPU
		{1F076228-B668-4FB9-96DD-55EECC16161B}.Release|Any CPU.ActiveCfg = Release|Any CPU
		{1F076228-B668-4FB9-96DD-55EECC16161B}.Release|Any CPU.Build.0 = Release|Any CPU
		{1F076228-B668-4FB9-96DD-55EECC16161B}.Release|x64.ActiveCfg = Release|Any CPU
		{1F076228-B668-4FB9-96DD-55EECC16161B}.Release|x64.Build.0 = Release|Any CPU
		{1F076228-B668-4FB9-96DD-55EECC16161B}.Release|x86.ActiveCfg = Release|Any CPU
		{1F076228-B668-4FB9-96DD-55EECC16161B}.Release|x86.Build.0 = Release|Any CPU
		{58B6F467-EB55-4805-AA73-A188D37F24B7}.Debug|Any CPU.ActiveCfg = Debug|Any CPU
		{58B6F467-EB55-4805-AA73-A188D37F24B7}.Debug|Any CPU.Build.0 = Debug|Any CPU
		{58B6F467-EB55-4805-AA73-A188D37F24B7}.Debug|x64.ActiveCfg = Debug|Any CPU
		{58B6F467-EB55-4805-AA73-A188D37F24B7}.Debug|x64.Build.0 = Debug|Any CPU
		{58B6F467-EB55-4805-AA73-A188D37F24B7}.Debug|x86.ActiveCfg = Debug|Any CPU
		{58B6F467-EB55-4805-AA73-A188D37F24B7}.Debug|x86.Build.0 = Debug|Any CPU
		{58B6F467-EB55-4805-AA73-A188D37F24B7}.Release|Any CPU.ActiveCfg = Release|Any CPU
		{58B6F467-EB55-4805-AA73-A188D37F24B7}.Release|Any CPU.Build.0 = Release|Any CPU
		{58B6F467-EB55-4805-AA73-A188D37F24B7}.Release|x64.ActiveCfg = Release|Any CPU
		{58B6F467-EB55-4805-AA73-A188D37F24B7}.Release|x64.Build.0 = Release|Any CPU
		{58B6F467-EB55-4805-AA73-A188D37F24B7}.Release|x86.ActiveCfg = Release|Any CPU
		{58B6F467-EB55-4805-AA73-A188D37F24B7}.Release|x86.Build.0 = Release|Any CPU
		{897D7521-0C48-4BE4-998B-CD7F9EA78FB4}.Debug|Any CPU.ActiveCfg = Debug|Any CPU
		{897D7521-0C48-4BE4-998B-CD7F9EA78FB4}.Debug|Any CPU.Build.0 = Debug|Any CPU
		{897D7521-0C48-4BE4-998B-CD7F9EA78FB4}.Debug|x64.ActiveCfg = Debug|Any CPU
		{897D7521-0C48-4BE4-998B-CD7F9EA78FB4}.Debug|x64.Build.0 = Debug|Any CPU
		{897D7521-0C48-4BE4-998B-CD7F9EA78FB4}.Debug|x86.ActiveCfg = Debug|Any CPU
		{897D7521-0C48-4BE4-998B-CD7F9EA78FB4}.Debug|x86.Build.0 = Debug|Any CPU
		{897D7521-0C48-4BE4-998B-CD7F9EA78FB4}.Release|Any CPU.ActiveCfg = Release|Any CPU
		{897D7521-0C48-4BE4-998B-CD7F9EA78FB4}.Release|Any CPU.Build.0 = Release|Any CPU
		{897D7521-0C48-4BE4-998B-CD7F9EA78FB4}.Release|x64.ActiveCfg = Release|Any CPU
		{897D7521-0C48-4BE4-998B-CD7F9EA78FB4}.Release|x64.Build.0 = Release|Any CPU
		{897D7521-0C48-4BE4-998B-CD7F9EA78FB4}.Release|x86.ActiveCfg = Release|Any CPU
		{897D7521-0C48-4BE4-998B-CD7F9EA78FB4}.Release|x86.Build.0 = Release|Any CPU
		{3EFD49E6-0159-4157-9D46-42BA88A87D1B}.Debug|Any CPU.ActiveCfg = Debug|Any CPU
		{3EFD49E6-0159-4157-9D46-42BA88A87D1B}.Debug|Any CPU.Build.0 = Debug|Any CPU
		{3EFD49E6-0159-4157-9D46-42BA88A87D1B}.Debug|x64.ActiveCfg = Debug|Any CPU
		{3EFD49E6-0159-4157-9D46-42BA88A87D1B}.Debug|x64.Build.0 = Debug|Any CPU
		{3EFD49E6-0159-4157-9D46-42BA88A87D1B}.Debug|x86.ActiveCfg = Debug|Any CPU
		{3EFD49E6-0159-4157-9D46-42BA88A87D1B}.Debug|x86.Build.0 = Debug|Any CPU
		{3EFD49E6-0159-4157-9D46-42BA88A87D1B}.Release|Any CPU.ActiveCfg = Release|Any CPU
		{3EFD49E6-0159-4157-9D46-42BA88A87D1B}.Release|Any CPU.Build.0 = Release|Any CPU
		{3EFD49E6-0159-4157-9D46-42BA88A87D1B}.Release|x64.ActiveCfg = Release|Any CPU
		{3EFD49E6-0159-4157-9D46-42BA88A87D1B}.Release|x64.Build.0 = Release|Any CPU
		{3EFD49E6-0159-4157-9D46-42BA88A87D1B}.Release|x86.ActiveCfg = Release|Any CPU
		{3EFD49E6-0159-4157-9D46-42BA88A87D1B}.Release|x86.Build.0 = Release|Any CPU
		{36C7B622-5F46-4B73-A68E-0D09D0A09750}.Debug|Any CPU.ActiveCfg = Debug|Any CPU
		{36C7B622-5F46-4B73-A68E-0D09D0A09750}.Debug|Any CPU.Build.0 = Debug|Any CPU
		{36C7B622-5F46-4B73-A68E-0D09D0A09750}.Debug|x64.ActiveCfg = Debug|Any CPU
		{36C7B622-5F46-4B73-A68E-0D09D0A09750}.Debug|x64.Build.0 = Debug|Any CPU
		{36C7B622-5F46-4B73-A68E-0D09D0A09750}.Debug|x86.ActiveCfg = Debug|Any CPU
		{36C7B622-5F46-4B73-A68E-0D09D0A09750}.Debug|x86.Build.0 = Debug|Any CPU
		{36C7B622-5F46-4B73-A68E-0D09D0A09750}.Release|Any CPU.ActiveCfg = Release|Any CPU
		{36C7B622-5F46-4B73-A68E-0D09D0A09750}.Release|Any CPU.Build.0 = Release|Any CPU
		{36C7B622-5F46-4B73-A68E-0D09D0A09750}.Release|x64.ActiveCfg = Release|Any CPU
		{36C7B622-5F46-4B73-A68E-0D09D0A09750}.Release|x64.Build.0 = Release|Any CPU
		{36C7B622-5F46-4B73-A68E-0D09D0A09750}.Release|x86.ActiveCfg = Release|Any CPU
		{36C7B622-5F46-4B73-A68E-0D09D0A09750}.Release|x86.Build.0 = Release|Any CPU
		{179D5439-73E0-4092-8F9C-9CA5CB25BC93}.Debug|Any CPU.ActiveCfg = Debug|Any CPU
		{179D5439-73E0-4092-8F9C-9CA5CB25BC93}.Debug|Any CPU.Build.0 = Debug|Any CPU
		{179D5439-73E0-4092-8F9C-9CA5CB25BC93}.Debug|x64.ActiveCfg = Debug|Any CPU
		{179D5439-73E0-4092-8F9C-9CA5CB25BC93}.Debug|x64.Build.0 = Debug|Any CPU
		{179D5439-73E0-4092-8F9C-9CA5CB25BC93}.Debug|x86.ActiveCfg = Debug|Any CPU
		{179D5439-73E0-4092-8F9C-9CA5CB25BC93}.Debug|x86.Build.0 = Debug|Any CPU
		{179D5439-73E0-4092-8F9C-9CA5CB25BC93}.Release|Any CPU.ActiveCfg = Release|Any CPU
		{179D5439-73E0-4092-8F9C-9CA5CB25BC93}.Release|Any CPU.Build.0 = Release|Any CPU
		{179D5439-73E0-4092-8F9C-9CA5CB25BC93}.Release|x64.ActiveCfg = Release|Any CPU
		{179D5439-73E0-4092-8F9C-9CA5CB25BC93}.Release|x64.Build.0 = Release|Any CPU
		{179D5439-73E0-4092-8F9C-9CA5CB25BC93}.Release|x86.ActiveCfg = Release|Any CPU
		{179D5439-73E0-4092-8F9C-9CA5CB25BC93}.Release|x86.Build.0 = Release|Any CPU
		{06C60512-DFB9-472A-B75E-C42B468FD027}.Debug|Any CPU.ActiveCfg = Debug|Any CPU
		{06C60512-DFB9-472A-B75E-C42B468FD027}.Debug|Any CPU.Build.0 = Debug|Any CPU
		{06C60512-DFB9-472A-B75E-C42B468FD027}.Debug|x64.ActiveCfg = Debug|Any CPU
		{06C60512-DFB9-472A-B75E-C42B468FD027}.Debug|x64.Build.0 = Debug|Any CPU
		{06C60512-DFB9-472A-B75E-C42B468FD027}.Debug|x86.ActiveCfg = Debug|Any CPU
		{06C60512-DFB9-472A-B75E-C42B468FD027}.Debug|x86.Build.0 = Debug|Any CPU
		{06C60512-DFB9-472A-B75E-C42B468FD027}.Release|Any CPU.ActiveCfg = Release|Any CPU
		{06C60512-DFB9-472A-B75E-C42B468FD027}.Release|Any CPU.Build.0 = Release|Any CPU
		{06C60512-DFB9-472A-B75E-C42B468FD027}.Release|x64.ActiveCfg = Release|Any CPU
		{06C60512-DFB9-472A-B75E-C42B468FD027}.Release|x64.Build.0 = Release|Any CPU
		{06C60512-DFB9-472A-B75E-C42B468FD027}.Release|x86.ActiveCfg = Release|Any CPU
		{06C60512-DFB9-472A-B75E-C42B468FD027}.Release|x86.Build.0 = Release|Any CPU
		{AE3B2B8E-0A68-4265-B2D8-CA1509278BC6}.Debug|Any CPU.ActiveCfg = Debug|Any CPU
		{AE3B2B8E-0A68-4265-B2D8-CA1509278BC6}.Debug|Any CPU.Build.0 = Debug|Any CPU
		{AE3B2B8E-0A68-4265-B2D8-CA1509278BC6}.Debug|x64.ActiveCfg = Debug|Any CPU
		{AE3B2B8E-0A68-4265-B2D8-CA1509278BC6}.Debug|x64.Build.0 = Debug|Any CPU
		{AE3B2B8E-0A68-4265-B2D8-CA1509278BC6}.Debug|x86.ActiveCfg = Debug|Any CPU
		{AE3B2B8E-0A68-4265-B2D8-CA1509278BC6}.Debug|x86.Build.0 = Debug|Any CPU
		{AE3B2B8E-0A68-4265-B2D8-CA1509278BC6}.Release|Any CPU.ActiveCfg = Release|Any CPU
		{AE3B2B8E-0A68-4265-B2D8-CA1509278BC6}.Release|Any CPU.Build.0 = Release|Any CPU
		{AE3B2B8E-0A68-4265-B2D8-CA1509278BC6}.Release|x64.ActiveCfg = Release|Any CPU
		{AE3B2B8E-0A68-4265-B2D8-CA1509278BC6}.Release|x64.Build.0 = Release|Any CPU
		{AE3B2B8E-0A68-4265-B2D8-CA1509278BC6}.Release|x86.ActiveCfg = Release|Any CPU
		{AE3B2B8E-0A68-4265-B2D8-CA1509278BC6}.Release|x86.Build.0 = Release|Any CPU
		{D850FACB-7932-4589-B67F-0B8C82F3CCD8}.Debug|Any CPU.ActiveCfg = Debug|Any CPU
		{D850FACB-7932-4589-B67F-0B8C82F3CCD8}.Debug|Any CPU.Build.0 = Debug|Any CPU
		{D850FACB-7932-4589-B67F-0B8C82F3CCD8}.Debug|x64.ActiveCfg = Debug|Any CPU
		{D850FACB-7932-4589-B67F-0B8C82F3CCD8}.Debug|x64.Build.0 = Debug|Any CPU
		{D850FACB-7932-4589-B67F-0B8C82F3CCD8}.Debug|x86.ActiveCfg = Debug|Any CPU
		{D850FACB-7932-4589-B67F-0B8C82F3CCD8}.Debug|x86.Build.0 = Debug|Any CPU
		{D850FACB-7932-4589-B67F-0B8C82F3CCD8}.Release|Any CPU.ActiveCfg = Release|Any CPU
		{D850FACB-7932-4589-B67F-0B8C82F3CCD8}.Release|Any CPU.Build.0 = Release|Any CPU
		{D850FACB-7932-4589-B67F-0B8C82F3CCD8}.Release|x64.ActiveCfg = Release|Any CPU
		{D850FACB-7932-4589-B67F-0B8C82F3CCD8}.Release|x64.Build.0 = Release|Any CPU
		{D850FACB-7932-4589-B67F-0B8C82F3CCD8}.Release|x86.ActiveCfg = Release|Any CPU
		{D850FACB-7932-4589-B67F-0B8C82F3CCD8}.Release|x86.Build.0 = Release|Any CPU
		{6DCD672E-4F75-48AB-92BF-FDEA53D4CCFD}.Debug|Any CPU.ActiveCfg = Debug|Any CPU
		{6DCD672E-4F75-48AB-92BF-FDEA53D4CCFD}.Debug|Any CPU.Build.0 = Debug|Any CPU
		{6DCD672E-4F75-48AB-92BF-FDEA53D4CCFD}.Debug|x64.ActiveCfg = Debug|Any CPU
		{6DCD672E-4F75-48AB-92BF-FDEA53D4CCFD}.Debug|x64.Build.0 = Debug|Any CPU
		{6DCD672E-4F75-48AB-92BF-FDEA53D4CCFD}.Debug|x86.ActiveCfg = Debug|Any CPU
		{6DCD672E-4F75-48AB-92BF-FDEA53D4CCFD}.Debug|x86.Build.0 = Debug|Any CPU
		{6DCD672E-4F75-48AB-92BF-FDEA53D4CCFD}.Release|Any CPU.ActiveCfg = Release|Any CPU
		{6DCD672E-4F75-48AB-92BF-FDEA53D4CCFD}.Release|Any CPU.Build.0 = Release|Any CPU
		{6DCD672E-4F75-48AB-92BF-FDEA53D4CCFD}.Release|x64.ActiveCfg = Release|Any CPU
		{6DCD672E-4F75-48AB-92BF-FDEA53D4CCFD}.Release|x64.Build.0 = Release|Any CPU
		{6DCD672E-4F75-48AB-92BF-FDEA53D4CCFD}.Release|x86.ActiveCfg = Release|Any CPU
		{6DCD672E-4F75-48AB-92BF-FDEA53D4CCFD}.Release|x86.Build.0 = Release|Any CPU
		{A1030A8F-D985-4F30-915C-59115A0380DC}.Debug|Any CPU.ActiveCfg = Debug|Any CPU
		{A1030A8F-D985-4F30-915C-59115A0380DC}.Debug|Any CPU.Build.0 = Debug|Any CPU
		{A1030A8F-D985-4F30-915C-59115A0380DC}.Debug|x64.ActiveCfg = Debug|Any CPU
		{A1030A8F-D985-4F30-915C-59115A0380DC}.Debug|x64.Build.0 = Debug|Any CPU
		{A1030A8F-D985-4F30-915C-59115A0380DC}.Debug|x86.ActiveCfg = Debug|Any CPU
		{A1030A8F-D985-4F30-915C-59115A0380DC}.Debug|x86.Build.0 = Debug|Any CPU
		{A1030A8F-D985-4F30-915C-59115A0380DC}.Release|Any CPU.ActiveCfg = Release|Any CPU
		{A1030A8F-D985-4F30-915C-59115A0380DC}.Release|Any CPU.Build.0 = Release|Any CPU
		{A1030A8F-D985-4F30-915C-59115A0380DC}.Release|x64.ActiveCfg = Release|Any CPU
		{A1030A8F-D985-4F30-915C-59115A0380DC}.Release|x64.Build.0 = Release|Any CPU
		{A1030A8F-D985-4F30-915C-59115A0380DC}.Release|x86.ActiveCfg = Release|Any CPU
		{A1030A8F-D985-4F30-915C-59115A0380DC}.Release|x86.Build.0 = Release|Any CPU
		{AB03904D-A236-456F-98CD-357EC82D5484}.Debug|Any CPU.ActiveCfg = Debug|Any CPU
		{AB03904D-A236-456F-98CD-357EC82D5484}.Debug|Any CPU.Build.0 = Debug|Any CPU
		{AB03904D-A236-456F-98CD-357EC82D5484}.Debug|x64.ActiveCfg = Debug|Any CPU
		{AB03904D-A236-456F-98CD-357EC82D5484}.Debug|x64.Build.0 = Debug|Any CPU
		{AB03904D-A236-456F-98CD-357EC82D5484}.Debug|x86.ActiveCfg = Debug|Any CPU
		{AB03904D-A236-456F-98CD-357EC82D5484}.Debug|x86.Build.0 = Debug|Any CPU
		{AB03904D-A236-456F-98CD-357EC82D5484}.Release|Any CPU.ActiveCfg = Release|Any CPU
		{AB03904D-A236-456F-98CD-357EC82D5484}.Release|Any CPU.Build.0 = Release|Any CPU
		{AB03904D-A236-456F-98CD-357EC82D5484}.Release|x64.ActiveCfg = Release|Any CPU
		{AB03904D-A236-456F-98CD-357EC82D5484}.Release|x64.Build.0 = Release|Any CPU
		{AB03904D-A236-456F-98CD-357EC82D5484}.Release|x86.ActiveCfg = Release|Any CPU
		{AB03904D-A236-456F-98CD-357EC82D5484}.Release|x86.Build.0 = Release|Any CPU
		{6C25F81F-2B66-48BB-895C-10EFE0B7BC31}.Debug|Any CPU.ActiveCfg = Debug|Any CPU
		{6C25F81F-2B66-48BB-895C-10EFE0B7BC31}.Debug|Any CPU.Build.0 = Debug|Any CPU
		{6C25F81F-2B66-48BB-895C-10EFE0B7BC31}.Debug|x64.ActiveCfg = Debug|Any CPU
		{6C25F81F-2B66-48BB-895C-10EFE0B7BC31}.Debug|x64.Build.0 = Debug|Any CPU
		{6C25F81F-2B66-48BB-895C-10EFE0B7BC31}.Debug|x86.ActiveCfg = Debug|Any CPU
		{6C25F81F-2B66-48BB-895C-10EFE0B7BC31}.Debug|x86.Build.0 = Debug|Any CPU
		{6C25F81F-2B66-48BB-895C-10EFE0B7BC31}.Release|Any CPU.ActiveCfg = Release|Any CPU
		{6C25F81F-2B66-48BB-895C-10EFE0B7BC31}.Release|Any CPU.Build.0 = Release|Any CPU
		{6C25F81F-2B66-48BB-895C-10EFE0B7BC31}.Release|x64.ActiveCfg = Release|Any CPU
		{6C25F81F-2B66-48BB-895C-10EFE0B7BC31}.Release|x64.Build.0 = Release|Any CPU
		{6C25F81F-2B66-48BB-895C-10EFE0B7BC31}.Release|x86.ActiveCfg = Release|Any CPU
		{6C25F81F-2B66-48BB-895C-10EFE0B7BC31}.Release|x86.Build.0 = Release|Any CPU
		{990E4F0D-C207-4DD3-94AF-26C1B84611B7}.Debug|Any CPU.ActiveCfg = Debug|Any CPU
		{990E4F0D-C207-4DD3-94AF-26C1B84611B7}.Debug|Any CPU.Build.0 = Debug|Any CPU
		{990E4F0D-C207-4DD3-94AF-26C1B84611B7}.Debug|x64.ActiveCfg = Debug|Any CPU
		{990E4F0D-C207-4DD3-94AF-26C1B84611B7}.Debug|x64.Build.0 = Debug|Any CPU
		{990E4F0D-C207-4DD3-94AF-26C1B84611B7}.Debug|x86.ActiveCfg = Debug|Any CPU
		{990E4F0D-C207-4DD3-94AF-26C1B84611B7}.Debug|x86.Build.0 = Debug|Any CPU
		{990E4F0D-C207-4DD3-94AF-26C1B84611B7}.Release|Any CPU.ActiveCfg = Release|Any CPU
		{990E4F0D-C207-4DD3-94AF-26C1B84611B7}.Release|Any CPU.Build.0 = Release|Any CPU
		{990E4F0D-C207-4DD3-94AF-26C1B84611B7}.Release|x64.ActiveCfg = Release|Any CPU
		{990E4F0D-C207-4DD3-94AF-26C1B84611B7}.Release|x64.Build.0 = Release|Any CPU
		{990E4F0D-C207-4DD3-94AF-26C1B84611B7}.Release|x86.ActiveCfg = Release|Any CPU
		{990E4F0D-C207-4DD3-94AF-26C1B84611B7}.Release|x86.Build.0 = Release|Any CPU
		{B1684A77-17AC-43CF-B23C-2941490E4D86}.Debug|Any CPU.ActiveCfg = Debug|Any CPU
		{B1684A77-17AC-43CF-B23C-2941490E4D86}.Debug|Any CPU.Build.0 = Debug|Any CPU
		{B1684A77-17AC-43CF-B23C-2941490E4D86}.Debug|x64.ActiveCfg = Debug|Any CPU
		{B1684A77-17AC-43CF-B23C-2941490E4D86}.Debug|x64.Build.0 = Debug|Any CPU
		{B1684A77-17AC-43CF-B23C-2941490E4D86}.Debug|x86.ActiveCfg = Debug|Any CPU
		{B1684A77-17AC-43CF-B23C-2941490E4D86}.Debug|x86.Build.0 = Debug|Any CPU
		{B1684A77-17AC-43CF-B23C-2941490E4D86}.Release|Any CPU.ActiveCfg = Release|Any CPU
		{B1684A77-17AC-43CF-B23C-2941490E4D86}.Release|Any CPU.Build.0 = Release|Any CPU
		{B1684A77-17AC-43CF-B23C-2941490E4D86}.Release|x64.ActiveCfg = Release|Any CPU
		{B1684A77-17AC-43CF-B23C-2941490E4D86}.Release|x64.Build.0 = Release|Any CPU
		{B1684A77-17AC-43CF-B23C-2941490E4D86}.Release|x86.ActiveCfg = Release|Any CPU
		{B1684A77-17AC-43CF-B23C-2941490E4D86}.Release|x86.Build.0 = Release|Any CPU
		{EC750E5A-2480-40EE-B241-09CBAA0E1F12}.Debug|Any CPU.ActiveCfg = Debug|Any CPU
		{EC750E5A-2480-40EE-B241-09CBAA0E1F12}.Debug|Any CPU.Build.0 = Debug|Any CPU
		{EC750E5A-2480-40EE-B241-09CBAA0E1F12}.Debug|x64.ActiveCfg = Debug|Any CPU
		{EC750E5A-2480-40EE-B241-09CBAA0E1F12}.Debug|x64.Build.0 = Debug|Any CPU
		{EC750E5A-2480-40EE-B241-09CBAA0E1F12}.Debug|x86.ActiveCfg = Debug|Any CPU
		{EC750E5A-2480-40EE-B241-09CBAA0E1F12}.Debug|x86.Build.0 = Debug|Any CPU
		{EC750E5A-2480-40EE-B241-09CBAA0E1F12}.Release|Any CPU.ActiveCfg = Release|Any CPU
		{EC750E5A-2480-40EE-B241-09CBAA0E1F12}.Release|Any CPU.Build.0 = Release|Any CPU
		{EC750E5A-2480-40EE-B241-09CBAA0E1F12}.Release|x64.ActiveCfg = Release|Any CPU
		{EC750E5A-2480-40EE-B241-09CBAA0E1F12}.Release|x64.Build.0 = Release|Any CPU
		{EC750E5A-2480-40EE-B241-09CBAA0E1F12}.Release|x86.ActiveCfg = Release|Any CPU
		{EC750E5A-2480-40EE-B241-09CBAA0E1F12}.Release|x86.Build.0 = Release|Any CPU
		{84BDA228-0A32-4440-AB24-BA7DE0F7D0F3}.Debug|Any CPU.ActiveCfg = Debug|Any CPU
		{84BDA228-0A32-4440-AB24-BA7DE0F7D0F3}.Debug|Any CPU.Build.0 = Debug|Any CPU
		{84BDA228-0A32-4440-AB24-BA7DE0F7D0F3}.Debug|x64.ActiveCfg = Debug|Any CPU
		{84BDA228-0A32-4440-AB24-BA7DE0F7D0F3}.Debug|x64.Build.0 = Debug|Any CPU
		{84BDA228-0A32-4440-AB24-BA7DE0F7D0F3}.Debug|x86.ActiveCfg = Debug|Any CPU
		{84BDA228-0A32-4440-AB24-BA7DE0F7D0F3}.Debug|x86.Build.0 = Debug|Any CPU
		{84BDA228-0A32-4440-AB24-BA7DE0F7D0F3}.Release|Any CPU.ActiveCfg = Release|Any CPU
		{84BDA228-0A32-4440-AB24-BA7DE0F7D0F3}.Release|Any CPU.Build.0 = Release|Any CPU
		{84BDA228-0A32-4440-AB24-BA7DE0F7D0F3}.Release|x64.ActiveCfg = Release|Any CPU
		{84BDA228-0A32-4440-AB24-BA7DE0F7D0F3}.Release|x64.Build.0 = Release|Any CPU
		{84BDA228-0A32-4440-AB24-BA7DE0F7D0F3}.Release|x86.ActiveCfg = Release|Any CPU
		{84BDA228-0A32-4440-AB24-BA7DE0F7D0F3}.Release|x86.Build.0 = Release|Any CPU
		{2FF9FCB3-C924-4C2C-BEC9-CC2B6E4FDBFE}.Debug|Any CPU.ActiveCfg = Debug|Any CPU
		{2FF9FCB3-C924-4C2C-BEC9-CC2B6E4FDBFE}.Debug|Any CPU.Build.0 = Debug|Any CPU
		{2FF9FCB3-C924-4C2C-BEC9-CC2B6E4FDBFE}.Debug|x64.ActiveCfg = Debug|Any CPU
		{2FF9FCB3-C924-4C2C-BEC9-CC2B6E4FDBFE}.Debug|x64.Build.0 = Debug|Any CPU
		{2FF9FCB3-C924-4C2C-BEC9-CC2B6E4FDBFE}.Debug|x86.ActiveCfg = Debug|Any CPU
		{2FF9FCB3-C924-4C2C-BEC9-CC2B6E4FDBFE}.Debug|x86.Build.0 = Debug|Any CPU
		{2FF9FCB3-C924-4C2C-BEC9-CC2B6E4FDBFE}.Release|Any CPU.ActiveCfg = Release|Any CPU
		{2FF9FCB3-C924-4C2C-BEC9-CC2B6E4FDBFE}.Release|Any CPU.Build.0 = Release|Any CPU
		{2FF9FCB3-C924-4C2C-BEC9-CC2B6E4FDBFE}.Release|x64.ActiveCfg = Release|Any CPU
		{2FF9FCB3-C924-4C2C-BEC9-CC2B6E4FDBFE}.Release|x64.Build.0 = Release|Any CPU
		{2FF9FCB3-C924-4C2C-BEC9-CC2B6E4FDBFE}.Release|x86.ActiveCfg = Release|Any CPU
		{2FF9FCB3-C924-4C2C-BEC9-CC2B6E4FDBFE}.Release|x86.Build.0 = Release|Any CPU
		{7CFA4692-D2FA-47CA-8D42-D865A811F5D4}.Debug|Any CPU.ActiveCfg = Debug|Any CPU
		{7CFA4692-D2FA-47CA-8D42-D865A811F5D4}.Debug|Any CPU.Build.0 = Debug|Any CPU
		{7CFA4692-D2FA-47CA-8D42-D865A811F5D4}.Debug|x64.ActiveCfg = Debug|Any CPU
		{7CFA4692-D2FA-47CA-8D42-D865A811F5D4}.Debug|x64.Build.0 = Debug|Any CPU
		{7CFA4692-D2FA-47CA-8D42-D865A811F5D4}.Debug|x86.ActiveCfg = Debug|Any CPU
		{7CFA4692-D2FA-47CA-8D42-D865A811F5D4}.Debug|x86.Build.0 = Debug|Any CPU
		{7CFA4692-D2FA-47CA-8D42-D865A811F5D4}.Release|Any CPU.ActiveCfg = Release|Any CPU
		{7CFA4692-D2FA-47CA-8D42-D865A811F5D4}.Release|Any CPU.Build.0 = Release|Any CPU
		{7CFA4692-D2FA-47CA-8D42-D865A811F5D4}.Release|x64.ActiveCfg = Release|Any CPU
		{7CFA4692-D2FA-47CA-8D42-D865A811F5D4}.Release|x64.Build.0 = Release|Any CPU
		{7CFA4692-D2FA-47CA-8D42-D865A811F5D4}.Release|x86.ActiveCfg = Release|Any CPU
		{7CFA4692-D2FA-47CA-8D42-D865A811F5D4}.Release|x86.Build.0 = Release|Any CPU
		{EA4B5951-080D-4C68-AEAC-91F5CB8B70E4}.Debug|Any CPU.ActiveCfg = Debug|Any CPU
		{EA4B5951-080D-4C68-AEAC-91F5CB8B70E4}.Debug|Any CPU.Build.0 = Debug|Any CPU
		{EA4B5951-080D-4C68-AEAC-91F5CB8B70E4}.Debug|x64.ActiveCfg = Debug|Any CPU
		{EA4B5951-080D-4C68-AEAC-91F5CB8B70E4}.Debug|x64.Build.0 = Debug|Any CPU
		{EA4B5951-080D-4C68-AEAC-91F5CB8B70E4}.Debug|x86.ActiveCfg = Debug|Any CPU
		{EA4B5951-080D-4C68-AEAC-91F5CB8B70E4}.Debug|x86.Build.0 = Debug|Any CPU
		{EA4B5951-080D-4C68-AEAC-91F5CB8B70E4}.Release|Any CPU.ActiveCfg = Release|Any CPU
		{EA4B5951-080D-4C68-AEAC-91F5CB8B70E4}.Release|Any CPU.Build.0 = Release|Any CPU
		{EA4B5951-080D-4C68-AEAC-91F5CB8B70E4}.Release|x64.ActiveCfg = Release|Any CPU
		{EA4B5951-080D-4C68-AEAC-91F5CB8B70E4}.Release|x64.Build.0 = Release|Any CPU
		{EA4B5951-080D-4C68-AEAC-91F5CB8B70E4}.Release|x86.ActiveCfg = Release|Any CPU
		{EA4B5951-080D-4C68-AEAC-91F5CB8B70E4}.Release|x86.Build.0 = Release|Any CPU
		{454E1710-9CAF-4645-9DF1-A28324E1C1D6}.Debug|Any CPU.ActiveCfg = Debug|Any CPU
		{454E1710-9CAF-4645-9DF1-A28324E1C1D6}.Debug|Any CPU.Build.0 = Debug|Any CPU
		{454E1710-9CAF-4645-9DF1-A28324E1C1D6}.Debug|x64.ActiveCfg = Debug|Any CPU
		{454E1710-9CAF-4645-9DF1-A28324E1C1D6}.Debug|x64.Build.0 = Debug|Any CPU
		{454E1710-9CAF-4645-9DF1-A28324E1C1D6}.Debug|x86.ActiveCfg = Debug|Any CPU
		{454E1710-9CAF-4645-9DF1-A28324E1C1D6}.Debug|x86.Build.0 = Debug|Any CPU
		{454E1710-9CAF-4645-9DF1-A28324E1C1D6}.Release|Any CPU.ActiveCfg = Release|Any CPU
		{454E1710-9CAF-4645-9DF1-A28324E1C1D6}.Release|Any CPU.Build.0 = Release|Any CPU
		{454E1710-9CAF-4645-9DF1-A28324E1C1D6}.Release|x64.ActiveCfg = Release|Any CPU
		{454E1710-9CAF-4645-9DF1-A28324E1C1D6}.Release|x64.Build.0 = Release|Any CPU
		{454E1710-9CAF-4645-9DF1-A28324E1C1D6}.Release|x86.ActiveCfg = Release|Any CPU
		{454E1710-9CAF-4645-9DF1-A28324E1C1D6}.Release|x86.Build.0 = Release|Any CPU
		{89125436-D8E5-494D-85A8-D49F48E040C0}.Debug|Any CPU.ActiveCfg = Debug|Any CPU
		{89125436-D8E5-494D-85A8-D49F48E040C0}.Debug|Any CPU.Build.0 = Debug|Any CPU
		{89125436-D8E5-494D-85A8-D49F48E040C0}.Debug|x64.ActiveCfg = Debug|Any CPU
		{89125436-D8E5-494D-85A8-D49F48E040C0}.Debug|x64.Build.0 = Debug|Any CPU
		{89125436-D8E5-494D-85A8-D49F48E040C0}.Debug|x86.ActiveCfg = Debug|Any CPU
		{89125436-D8E5-494D-85A8-D49F48E040C0}.Debug|x86.Build.0 = Debug|Any CPU
		{89125436-D8E5-494D-85A8-D49F48E040C0}.Release|Any CPU.ActiveCfg = Release|Any CPU
		{89125436-D8E5-494D-85A8-D49F48E040C0}.Release|Any CPU.Build.0 = Release|Any CPU
		{89125436-D8E5-494D-85A8-D49F48E040C0}.Release|x64.ActiveCfg = Release|Any CPU
		{89125436-D8E5-494D-85A8-D49F48E040C0}.Release|x64.Build.0 = Release|Any CPU
		{89125436-D8E5-494D-85A8-D49F48E040C0}.Release|x86.ActiveCfg = Release|Any CPU
		{89125436-D8E5-494D-85A8-D49F48E040C0}.Release|x86.Build.0 = Release|Any CPU
		{09F1CED4-ECF7-49C0-962B-083A14FB2BAC}.Debug|Any CPU.ActiveCfg = Debug|Any CPU
		{09F1CED4-ECF7-49C0-962B-083A14FB2BAC}.Debug|Any CPU.Build.0 = Debug|Any CPU
		{09F1CED4-ECF7-49C0-962B-083A14FB2BAC}.Debug|x64.ActiveCfg = Debug|Any CPU
		{09F1CED4-ECF7-49C0-962B-083A14FB2BAC}.Debug|x64.Build.0 = Debug|Any CPU
		{09F1CED4-ECF7-49C0-962B-083A14FB2BAC}.Debug|x86.ActiveCfg = Debug|Any CPU
		{09F1CED4-ECF7-49C0-962B-083A14FB2BAC}.Debug|x86.Build.0 = Debug|Any CPU
		{09F1CED4-ECF7-49C0-962B-083A14FB2BAC}.Release|Any CPU.ActiveCfg = Release|Any CPU
		{09F1CED4-ECF7-49C0-962B-083A14FB2BAC}.Release|Any CPU.Build.0 = Release|Any CPU
		{09F1CED4-ECF7-49C0-962B-083A14FB2BAC}.Release|x64.ActiveCfg = Release|Any CPU
		{09F1CED4-ECF7-49C0-962B-083A14FB2BAC}.Release|x64.Build.0 = Release|Any CPU
		{09F1CED4-ECF7-49C0-962B-083A14FB2BAC}.Release|x86.ActiveCfg = Release|Any CPU
		{09F1CED4-ECF7-49C0-962B-083A14FB2BAC}.Release|x86.Build.0 = Release|Any CPU
		{93DD390E-8AAB-40AC-BF1F-8AFB4913DCE6}.Debug|Any CPU.ActiveCfg = Debug|Any CPU
		{93DD390E-8AAB-40AC-BF1F-8AFB4913DCE6}.Debug|Any CPU.Build.0 = Debug|Any CPU
		{93DD390E-8AAB-40AC-BF1F-8AFB4913DCE6}.Debug|x64.ActiveCfg = Debug|Any CPU
		{93DD390E-8AAB-40AC-BF1F-8AFB4913DCE6}.Debug|x64.Build.0 = Debug|Any CPU
		{93DD390E-8AAB-40AC-BF1F-8AFB4913DCE6}.Debug|x86.ActiveCfg = Debug|Any CPU
		{93DD390E-8AAB-40AC-BF1F-8AFB4913DCE6}.Debug|x86.Build.0 = Debug|Any CPU
		{93DD390E-8AAB-40AC-BF1F-8AFB4913DCE6}.Release|Any CPU.ActiveCfg = Release|Any CPU
		{93DD390E-8AAB-40AC-BF1F-8AFB4913DCE6}.Release|Any CPU.Build.0 = Release|Any CPU
		{93DD390E-8AAB-40AC-BF1F-8AFB4913DCE6}.Release|x64.ActiveCfg = Release|Any CPU
		{93DD390E-8AAB-40AC-BF1F-8AFB4913DCE6}.Release|x64.Build.0 = Release|Any CPU
		{93DD390E-8AAB-40AC-BF1F-8AFB4913DCE6}.Release|x86.ActiveCfg = Release|Any CPU
		{93DD390E-8AAB-40AC-BF1F-8AFB4913DCE6}.Release|x86.Build.0 = Release|Any CPU
		{4BDF9D93-C29A-4436-B4DF-0DDC2E321E99}.Debug|Any CPU.ActiveCfg = Debug|Any CPU
		{4BDF9D93-C29A-4436-B4DF-0DDC2E321E99}.Debug|Any CPU.Build.0 = Debug|Any CPU
		{4BDF9D93-C29A-4436-B4DF-0DDC2E321E99}.Debug|x64.ActiveCfg = Debug|Any CPU
		{4BDF9D93-C29A-4436-B4DF-0DDC2E321E99}.Debug|x64.Build.0 = Debug|Any CPU
		{4BDF9D93-C29A-4436-B4DF-0DDC2E321E99}.Debug|x86.ActiveCfg = Debug|Any CPU
		{4BDF9D93-C29A-4436-B4DF-0DDC2E321E99}.Debug|x86.Build.0 = Debug|Any CPU
		{4BDF9D93-C29A-4436-B4DF-0DDC2E321E99}.Release|Any CPU.ActiveCfg = Release|Any CPU
		{4BDF9D93-C29A-4436-B4DF-0DDC2E321E99}.Release|Any CPU.Build.0 = Release|Any CPU
		{4BDF9D93-C29A-4436-B4DF-0DDC2E321E99}.Release|x64.ActiveCfg = Release|Any CPU
		{4BDF9D93-C29A-4436-B4DF-0DDC2E321E99}.Release|x64.Build.0 = Release|Any CPU
		{4BDF9D93-C29A-4436-B4DF-0DDC2E321E99}.Release|x86.ActiveCfg = Release|Any CPU
		{4BDF9D93-C29A-4436-B4DF-0DDC2E321E99}.Release|x86.Build.0 = Release|Any CPU
		{61374A68-5257-4708-ACCA-DB0E1CD9CD01}.Debug|Any CPU.ActiveCfg = Debug|Any CPU
		{61374A68-5257-4708-ACCA-DB0E1CD9CD01}.Debug|Any CPU.Build.0 = Debug|Any CPU
		{61374A68-5257-4708-ACCA-DB0E1CD9CD01}.Debug|x64.ActiveCfg = Debug|Any CPU
		{61374A68-5257-4708-ACCA-DB0E1CD9CD01}.Debug|x64.Build.0 = Debug|Any CPU
		{61374A68-5257-4708-ACCA-DB0E1CD9CD01}.Debug|x86.ActiveCfg = Debug|Any CPU
		{61374A68-5257-4708-ACCA-DB0E1CD9CD01}.Debug|x86.Build.0 = Debug|Any CPU
		{61374A68-5257-4708-ACCA-DB0E1CD9CD01}.Release|Any CPU.ActiveCfg = Release|Any CPU
		{61374A68-5257-4708-ACCA-DB0E1CD9CD01}.Release|Any CPU.Build.0 = Release|Any CPU
		{61374A68-5257-4708-ACCA-DB0E1CD9CD01}.Release|x64.ActiveCfg = Release|Any CPU
		{61374A68-5257-4708-ACCA-DB0E1CD9CD01}.Release|x64.Build.0 = Release|Any CPU
		{61374A68-5257-4708-ACCA-DB0E1CD9CD01}.Release|x86.ActiveCfg = Release|Any CPU
		{61374A68-5257-4708-ACCA-DB0E1CD9CD01}.Release|x86.Build.0 = Release|Any CPU
		{13AF2F55-70BF-46F2-917E-A9F595E4DC71}.Debug|Any CPU.ActiveCfg = Debug|Any CPU
		{13AF2F55-70BF-46F2-917E-A9F595E4DC71}.Debug|Any CPU.Build.0 = Debug|Any CPU
		{13AF2F55-70BF-46F2-917E-A9F595E4DC71}.Debug|x64.ActiveCfg = Debug|Any CPU
		{13AF2F55-70BF-46F2-917E-A9F595E4DC71}.Debug|x64.Build.0 = Debug|Any CPU
		{13AF2F55-70BF-46F2-917E-A9F595E4DC71}.Debug|x86.ActiveCfg = Debug|Any CPU
		{13AF2F55-70BF-46F2-917E-A9F595E4DC71}.Debug|x86.Build.0 = Debug|Any CPU
		{13AF2F55-70BF-46F2-917E-A9F595E4DC71}.Release|Any CPU.ActiveCfg = Release|Any CPU
		{13AF2F55-70BF-46F2-917E-A9F595E4DC71}.Release|Any CPU.Build.0 = Release|Any CPU
		{13AF2F55-70BF-46F2-917E-A9F595E4DC71}.Release|x64.ActiveCfg = Release|Any CPU
		{13AF2F55-70BF-46F2-917E-A9F595E4DC71}.Release|x64.Build.0 = Release|Any CPU
		{13AF2F55-70BF-46F2-917E-A9F595E4DC71}.Release|x86.ActiveCfg = Release|Any CPU
		{13AF2F55-70BF-46F2-917E-A9F595E4DC71}.Release|x86.Build.0 = Release|Any CPU
		{71CCCA2F-9B53-451A-A9BB-0DCF7866F8A3}.Debug|Any CPU.ActiveCfg = Debug|Any CPU
		{71CCCA2F-9B53-451A-A9BB-0DCF7866F8A3}.Debug|Any CPU.Build.0 = Debug|Any CPU
		{71CCCA2F-9B53-451A-A9BB-0DCF7866F8A3}.Debug|x64.ActiveCfg = Debug|Any CPU
		{71CCCA2F-9B53-451A-A9BB-0DCF7866F8A3}.Debug|x64.Build.0 = Debug|Any CPU
		{71CCCA2F-9B53-451A-A9BB-0DCF7866F8A3}.Debug|x86.ActiveCfg = Debug|Any CPU
		{71CCCA2F-9B53-451A-A9BB-0DCF7866F8A3}.Debug|x86.Build.0 = Debug|Any CPU
		{71CCCA2F-9B53-451A-A9BB-0DCF7866F8A3}.Release|Any CPU.ActiveCfg = Release|Any CPU
		{71CCCA2F-9B53-451A-A9BB-0DCF7866F8A3}.Release|Any CPU.Build.0 = Release|Any CPU
		{71CCCA2F-9B53-451A-A9BB-0DCF7866F8A3}.Release|x64.ActiveCfg = Release|Any CPU
		{71CCCA2F-9B53-451A-A9BB-0DCF7866F8A3}.Release|x64.Build.0 = Release|Any CPU
		{71CCCA2F-9B53-451A-A9BB-0DCF7866F8A3}.Release|x86.ActiveCfg = Release|Any CPU
		{71CCCA2F-9B53-451A-A9BB-0DCF7866F8A3}.Release|x86.Build.0 = Release|Any CPU
		{621F9277-DB13-4A51-98DC-4B3D452493A1}.Debug|Any CPU.ActiveCfg = Debug|Any CPU
		{621F9277-DB13-4A51-98DC-4B3D452493A1}.Debug|Any CPU.Build.0 = Debug|Any CPU
		{621F9277-DB13-4A51-98DC-4B3D452493A1}.Debug|x64.ActiveCfg = Debug|Any CPU
		{621F9277-DB13-4A51-98DC-4B3D452493A1}.Debug|x64.Build.0 = Debug|Any CPU
		{621F9277-DB13-4A51-98DC-4B3D452493A1}.Debug|x86.ActiveCfg = Debug|Any CPU
		{621F9277-DB13-4A51-98DC-4B3D452493A1}.Debug|x86.Build.0 = Debug|Any CPU
		{621F9277-DB13-4A51-98DC-4B3D452493A1}.Release|Any CPU.ActiveCfg = Release|Any CPU
		{621F9277-DB13-4A51-98DC-4B3D452493A1}.Release|Any CPU.Build.0 = Release|Any CPU
		{621F9277-DB13-4A51-98DC-4B3D452493A1}.Release|x64.ActiveCfg = Release|Any CPU
		{621F9277-DB13-4A51-98DC-4B3D452493A1}.Release|x64.Build.0 = Release|Any CPU
		{621F9277-DB13-4A51-98DC-4B3D452493A1}.Release|x86.ActiveCfg = Release|Any CPU
		{621F9277-DB13-4A51-98DC-4B3D452493A1}.Release|x86.Build.0 = Release|Any CPU
		{31C726D5-B385-4E15-AD6B-3EFFE9E26938}.Debug|Any CPU.ActiveCfg = Debug|Any CPU
		{31C726D5-B385-4E15-AD6B-3EFFE9E26938}.Debug|Any CPU.Build.0 = Debug|Any CPU
		{31C726D5-B385-4E15-AD6B-3EFFE9E26938}.Debug|x64.ActiveCfg = Debug|Any CPU
		{31C726D5-B385-4E15-AD6B-3EFFE9E26938}.Debug|x64.Build.0 = Debug|Any CPU
		{31C726D5-B385-4E15-AD6B-3EFFE9E26938}.Debug|x86.ActiveCfg = Debug|Any CPU
		{31C726D5-B385-4E15-AD6B-3EFFE9E26938}.Debug|x86.Build.0 = Debug|Any CPU
		{31C726D5-B385-4E15-AD6B-3EFFE9E26938}.Release|Any CPU.ActiveCfg = Release|Any CPU
		{31C726D5-B385-4E15-AD6B-3EFFE9E26938}.Release|Any CPU.Build.0 = Release|Any CPU
		{31C726D5-B385-4E15-AD6B-3EFFE9E26938}.Release|x64.ActiveCfg = Release|Any CPU
		{31C726D5-B385-4E15-AD6B-3EFFE9E26938}.Release|x64.Build.0 = Release|Any CPU
		{31C726D5-B385-4E15-AD6B-3EFFE9E26938}.Release|x86.ActiveCfg = Release|Any CPU
		{31C726D5-B385-4E15-AD6B-3EFFE9E26938}.Release|x86.Build.0 = Release|Any CPU
		{F079D426-A9EB-4BF3-9BFB-8411A456AF1B}.Debug|Any CPU.ActiveCfg = Debug|Any CPU
		{F079D426-A9EB-4BF3-9BFB-8411A456AF1B}.Debug|Any CPU.Build.0 = Debug|Any CPU
		{F079D426-A9EB-4BF3-9BFB-8411A456AF1B}.Debug|x64.ActiveCfg = Debug|Any CPU
		{F079D426-A9EB-4BF3-9BFB-8411A456AF1B}.Debug|x64.Build.0 = Debug|Any CPU
		{F079D426-A9EB-4BF3-9BFB-8411A456AF1B}.Debug|x86.ActiveCfg = Debug|Any CPU
		{F079D426-A9EB-4BF3-9BFB-8411A456AF1B}.Debug|x86.Build.0 = Debug|Any CPU
		{F079D426-A9EB-4BF3-9BFB-8411A456AF1B}.Release|Any CPU.ActiveCfg = Release|Any CPU
		{F079D426-A9EB-4BF3-9BFB-8411A456AF1B}.Release|Any CPU.Build.0 = Release|Any CPU
		{F079D426-A9EB-4BF3-9BFB-8411A456AF1B}.Release|x64.ActiveCfg = Release|Any CPU
		{F079D426-A9EB-4BF3-9BFB-8411A456AF1B}.Release|x64.Build.0 = Release|Any CPU
		{F079D426-A9EB-4BF3-9BFB-8411A456AF1B}.Release|x86.ActiveCfg = Release|Any CPU
		{F079D426-A9EB-4BF3-9BFB-8411A456AF1B}.Release|x86.Build.0 = Release|Any CPU
		{3A5CF08F-DAD5-475C-9B92-A7A6B19467B9}.Debug|Any CPU.ActiveCfg = Debug|Any CPU
		{3A5CF08F-DAD5-475C-9B92-A7A6B19467B9}.Debug|Any CPU.Build.0 = Debug|Any CPU
		{3A5CF08F-DAD5-475C-9B92-A7A6B19467B9}.Debug|x64.ActiveCfg = Debug|Any CPU
		{3A5CF08F-DAD5-475C-9B92-A7A6B19467B9}.Debug|x64.Build.0 = Debug|Any CPU
		{3A5CF08F-DAD5-475C-9B92-A7A6B19467B9}.Debug|x86.ActiveCfg = Debug|Any CPU
		{3A5CF08F-DAD5-475C-9B92-A7A6B19467B9}.Debug|x86.Build.0 = Debug|Any CPU
		{3A5CF08F-DAD5-475C-9B92-A7A6B19467B9}.Release|Any CPU.ActiveCfg = Release|Any CPU
		{3A5CF08F-DAD5-475C-9B92-A7A6B19467B9}.Release|Any CPU.Build.0 = Release|Any CPU
		{3A5CF08F-DAD5-475C-9B92-A7A6B19467B9}.Release|x64.ActiveCfg = Release|Any CPU
		{3A5CF08F-DAD5-475C-9B92-A7A6B19467B9}.Release|x64.Build.0 = Release|Any CPU
		{3A5CF08F-DAD5-475C-9B92-A7A6B19467B9}.Release|x86.ActiveCfg = Release|Any CPU
		{3A5CF08F-DAD5-475C-9B92-A7A6B19467B9}.Release|x86.Build.0 = Release|Any CPU
	EndGlobalSection
	GlobalSection(NestedProjects) = preSolution
		{1F9A3B22-B159-4AB8-B72E-16511C654128} = {B2055DA8-AF2D-446E-93FD-30534525473B}
		{304FDADE-BB25-4D68-91FF-66D96A9E4269} = {1F9A3B22-B159-4AB8-B72E-16511C654128}
		{B30AADA1-5BC6-4AB0-B2FE-DA269505855E} = {B2055DA8-AF2D-446E-93FD-30534525473B}
		{B6F51DB0-1C88-455D-BB55-F684C3EA59B6} = {B30AADA1-5BC6-4AB0-B2FE-DA269505855E}
		{B0C26D79-EB32-46D4-B236-C0BF838D4B26} = {B30AADA1-5BC6-4AB0-B2FE-DA269505855E}
		{A3B376D5-A376-4355-B75B-263267765A67} = {B2055DA8-AF2D-446E-93FD-30534525473B}
		{A0A45348-FDE1-434A-94CF-BB4F3DD17D71} = {A3B376D5-A376-4355-B75B-263267765A67}
		{582A70BF-D7CE-4152-9EA4-DE19EBD1F2B2} = {A3B376D5-A376-4355-B75B-263267765A67}
		{E537D7B7-2CCD-4DB2-B262-D821B9DC8FFD} = {B2055DA8-AF2D-446E-93FD-30534525473B}
		{56FE9247-67B9-46A6-A894-5EFBD99E4EA1} = {E537D7B7-2CCD-4DB2-B262-D821B9DC8FFD}
		{56F365CA-07C0-4238-97CC-13FCE9298894} = {E537D7B7-2CCD-4DB2-B262-D821B9DC8FFD}
		{5773A57A-49A6-43BC-9C95-4E3A395F5202} = {B2055DA8-AF2D-446E-93FD-30534525473B}
		{B495D585-DCAC-4914-A485-DCF03A7F33DC} = {5773A57A-49A6-43BC-9C95-4E3A395F5202}
		{6B80F0CD-4410-4AEE-B05F-AD2876205D3F} = {5773A57A-49A6-43BC-9C95-4E3A395F5202}
		{2176F565-A28E-4DF7-BD4C-63BACBE7FEEB} = {B2055DA8-AF2D-446E-93FD-30534525473B}
		{E95C72AE-B584-42BD-A96B-455E9BF5CDFE} = {2176F565-A28E-4DF7-BD4C-63BACBE7FEEB}
		{EEF9A747-1BA3-4803-BD0C-C9B6B12338C6} = {2176F565-A28E-4DF7-BD4C-63BACBE7FEEB}
		{D4632407-322F-4BC3-941A-EE80BB948272} = {B2055DA8-AF2D-446E-93FD-30534525473B}
		{1F076228-B668-4FB9-96DD-55EECC16161B} = {D4632407-322F-4BC3-941A-EE80BB948272}
		{58B6F467-EB55-4805-AA73-A188D37F24B7} = {D4632407-322F-4BC3-941A-EE80BB948272}
		{897D7521-0C48-4BE4-998B-CD7F9EA78FB4} = {D4632407-322F-4BC3-941A-EE80BB948272}
		{3EFD49E6-0159-4157-9D46-42BA88A87D1B} = {D4632407-322F-4BC3-941A-EE80BB948272}
		{893EB11B-4825-4040-AF8D-DC4A24E35054} = {B2055DA8-AF2D-446E-93FD-30534525473B}
		{36C7B622-5F46-4B73-A68E-0D09D0A09750} = {893EB11B-4825-4040-AF8D-DC4A24E35054}
		{179D5439-73E0-4092-8F9C-9CA5CB25BC93} = {893EB11B-4825-4040-AF8D-DC4A24E35054}
		{4851125F-44C6-4504-BA82-2BF4083591B5} = {8FDB14B3-DD31-4EC3-9E3C-913BB94E33D2}
		{06C60512-DFB9-472A-B75E-C42B468FD027} = {4851125F-44C6-4504-BA82-2BF4083591B5}
		{AE3B2B8E-0A68-4265-B2D8-CA1509278BC6} = {4851125F-44C6-4504-BA82-2BF4083591B5}
		{D850FACB-7932-4589-B67F-0B8C82F3CCD8} = {4851125F-44C6-4504-BA82-2BF4083591B5}
		{6DCD672E-4F75-48AB-92BF-FDEA53D4CCFD} = {4851125F-44C6-4504-BA82-2BF4083591B5}
		{A1030A8F-D985-4F30-915C-59115A0380DC} = {4851125F-44C6-4504-BA82-2BF4083591B5}
		{AB03904D-A236-456F-98CD-357EC82D5484} = {4851125F-44C6-4504-BA82-2BF4083591B5}
		{6C25F81F-2B66-48BB-895C-10EFE0B7BC31} = {4851125F-44C6-4504-BA82-2BF4083591B5}
		{990E4F0D-C207-4DD3-94AF-26C1B84611B7} = {4851125F-44C6-4504-BA82-2BF4083591B5}
		{B1684A77-17AC-43CF-B23C-2941490E4D86} = {4851125F-44C6-4504-BA82-2BF4083591B5}
		{EC750E5A-2480-40EE-B241-09CBAA0E1F12} = {4851125F-44C6-4504-BA82-2BF4083591B5}
		{84BDA228-0A32-4440-AB24-BA7DE0F7D0F3} = {4851125F-44C6-4504-BA82-2BF4083591B5}
		{2FF9FCB3-C924-4C2C-BEC9-CC2B6E4FDBFE} = {4851125F-44C6-4504-BA82-2BF4083591B5}
		{7CFA4692-D2FA-47CA-8D42-D865A811F5D4} = {8FDB14B3-DD31-4EC3-9E3C-913BB94E33D2}
		{EA4B5951-080D-4C68-AEAC-91F5CB8B70E4} = {8FDB14B3-DD31-4EC3-9E3C-913BB94E33D2}
		{454E1710-9CAF-4645-9DF1-A28324E1C1D6} = {8FDB14B3-DD31-4EC3-9E3C-913BB94E33D2}
		{89125436-D8E5-494D-85A8-D49F48E040C0} = {893EB11B-4825-4040-AF8D-DC4A24E35054}
		{70018580-BCA7-4766-8FE8-239627ADAF47} = {8FDB14B3-DD31-4EC3-9E3C-913BB94E33D2}
		{09F1CED4-ECF7-49C0-962B-083A14FB2BAC} = {70018580-BCA7-4766-8FE8-239627ADAF47}
		{93DD390E-8AAB-40AC-BF1F-8AFB4913DCE6} = {70018580-BCA7-4766-8FE8-239627ADAF47}
		{4BDF9D93-C29A-4436-B4DF-0DDC2E321E99} = {70018580-BCA7-4766-8FE8-239627ADAF47}
		{61374A68-5257-4708-ACCA-DB0E1CD9CD01} = {70018580-BCA7-4766-8FE8-239627ADAF47}
		{13AF2F55-70BF-46F2-917E-A9F595E4DC71} = {70018580-BCA7-4766-8FE8-239627ADAF47}
		{71CCCA2F-9B53-451A-A9BB-0DCF7866F8A3} = {70018580-BCA7-4766-8FE8-239627ADAF47}
		{621F9277-DB13-4A51-98DC-4B3D452493A1} = {70018580-BCA7-4766-8FE8-239627ADAF47}
		{31C726D5-B385-4E15-AD6B-3EFFE9E26938} = {70018580-BCA7-4766-8FE8-239627ADAF47}
		{F079D426-A9EB-4BF3-9BFB-8411A456AF1B} = {70018580-BCA7-4766-8FE8-239627ADAF47}
		{C5D42299-E294-41A0-B281-9B02D466E1CC} = {B2055DA8-AF2D-446E-93FD-30534525473B}
		{3A5CF08F-DAD5-475C-9B92-A7A6B19467B9} = {C5D42299-E294-41A0-B281-9B02D466E1CC}
	EndGlobalSection
EndGlobal
