
Microsoft Visual Studio Solution File, Format Version 12.00
# Visual Studio 15
VisualStudioVersion = 15.0.26124.0
MinimumVisualStudioVersion = 15.0.26124.0
Project("{2150E333-8FDC-42A3-9474-1A3956D46DE8}") = "services", "services", "{36BC4DCB-69A2-4336-AC95-755F0BF1A95E}"
EndProject
Project("{2150E333-8FDC-42A3-9474-1A3956D46DE8}") = "Mcma.Azure.ServiceRegistry", "Mcma.Azure.ServiceRegistry", "{6D280196-0C76-4B30-9D4A-90AFD2EA1CCD}"
EndProject
Project("{FAE04EC0-301F-11D3-BF4B-00C04F79EFBC}") = "Mcma.Azure.ServiceRegistry.ApiHandler", "services\Mcma.Azure.ServiceRegistry\ApiHandler\Mcma.Azure.ServiceRegistry.ApiHandler.csproj", "{5640152E-0D25-4C88-AC9D-44D1C399B367}"
EndProject
Project("{2150E333-8FDC-42A3-9474-1A3956D46DE8}") = "Mcma.Azure.JobRepository", "Mcma.Azure.JobRepository", "{6BA572D3-92DA-42CD-8D1A-0A2DBCE6A2C4}"
EndProject
Project("{FAE04EC0-301F-11D3-BF4B-00C04F79EFBC}") = "Mcma.Azure.JobRepository.ApiHandler", "services\Mcma.Azure.JobRepository\ApiHandler\Mcma.Azure.JobRepository.ApiHandler.csproj", "{77E22131-6700-420E-A1BE-274D6C634836}"
EndProject
Project("{FAE04EC0-301F-11D3-BF4B-00C04F79EFBC}") = "Mcma.Azure.JobRepository.Worker", "services\Mcma.Azure.JobRepository\Worker\Mcma.Azure.JobRepository.Worker.csproj", "{B7CA3A99-E6F5-46BC-BB48-2281D0D0880A}"
EndProject
Project("{2150E333-8FDC-42A3-9474-1A3956D46DE8}") = "Mcma.Azure.JobProcessor", "Mcma.Azure.JobProcessor", "{43650543-A538-458E-ABB3-48D4A1D8CC31}"
EndProject
Project("{FAE04EC0-301F-11D3-BF4B-00C04F79EFBC}") = "Mcma.Azure.JobProcessor.ApiHandler", "services\Mcma.Azure.JobProcessor\ApiHandler\Mcma.Azure.JobProcessor.ApiHandler.csproj", "{AB56836B-AD9D-481E-B773-4DDCFC28FCBA}"
EndProject
Project("{FAE04EC0-301F-11D3-BF4B-00C04F79EFBC}") = "Mcma.Azure.JobProcessor.Worker", "services\Mcma.Azure.JobProcessor\Worker\Mcma.Azure.JobProcessor.Worker.csproj", "{F4064F66-E643-436D-96D0-1B5B3425833B}"
EndProject
Project("{2150E333-8FDC-42A3-9474-1A3956D46DE8}") = "Mcma.Azure.AmeService", "Mcma.Azure.AmeService", "{3DD7B9C9-E56B-4974-84C3-01E5B9EB0853}"
EndProject
Project("{FAE04EC0-301F-11D3-BF4B-00C04F79EFBC}") = "Mcma.Azure.AmeService.Worker", "services\Mcma.Azure.AmeService\Worker\Mcma.Azure.AmeService.Worker.csproj", "{29F0120E-2950-4A96-8E97-8122CEF13E99}"
EndProject
Project("{FAE04EC0-301F-11D3-BF4B-00C04F79EFBC}") = "Mcma.Azure.AmeService.ApiHandler", "services\Mcma.Azure.AmeService\ApiHandler\Mcma.Azure.AmeService.ApiHandler.csproj", "{599F4A6F-8877-4C76-B400-9EB09E84F7B0}"
EndProject
Project("{2150E333-8FDC-42A3-9474-1A3956D46DE8}") = "Mcma.Azure.MediaRepository", "Mcma.Azure.MediaRepository", "{C25A8A47-C95E-4CDD-BBCD-205E6F71BD9D}"
EndProject
Project("{FAE04EC0-301F-11D3-BF4B-00C04F79EFBC}") = "Mcma.Azure.MediaRepository.ApiHandler", "services\Mcma.Azure.MediaRepository\ApiHandler\Mcma.Azure.MediaRepository.ApiHandler.csproj", "{57BA9A78-2D09-40C9-8C59-F3ECA9E0343C}"
EndProject
Project("{2150E333-8FDC-42A3-9474-1A3956D46DE8}") = "Mcma.Azure.AwsAiService", "Mcma.Azure.AwsAiService", "{56093197-4152-43E2-A9C0-77CE6D4E1812}"
EndProject
Project("{FAE04EC0-301F-11D3-BF4B-00C04F79EFBC}") = "Mcma.Azure.AwsAiService.ApiHandler", "services\Mcma.Azure.AwsAiService\ApiHandler\Mcma.Azure.AwsAiService.ApiHandler.csproj", "{FD7434C5-976E-4679-B206-7A60D2FFF31C}"
EndProject
Project("{FAE04EC0-301F-11D3-BF4B-00C04F79EFBC}") = "Mcma.Azure.AwsAiService.Worker", "services\Mcma.Azure.AwsAiService\Worker\Mcma.Azure.AwsAiService.Worker.csproj", "{933EF78C-2EA9-418A-A187-2B98590233D6}"
EndProject
Project("{2150E333-8FDC-42A3-9474-1A3956D46DE8}") = "Mcma.Azure.AzureAiService", "Mcma.Azure.AzureAiService", "{F338F27F-3260-4D2A-BE29-A5B9D76F5F1D}"
EndProject
Project("{FAE04EC0-301F-11D3-BF4B-00C04F79EFBC}") = "Mcma.Azure.AzureAiService.ApiHandler", "services\Mcma.Azure.AzureAiService\ApiHandler\Mcma.Azure.AzureAiService.ApiHandler.csproj", "{5FABC620-7199-45EB-BD02-75A865125B7C}"
EndProject
Project("{FAE04EC0-301F-11D3-BF4B-00C04F79EFBC}") = "Mcma.Azure.AzureAiService.Worker", "services\Mcma.Azure.AzureAiService\Worker\Mcma.Azure.AzureAiService.Worker.csproj", "{FD84C512-1F2C-40DD-9355-7C9687C1E9B4}"
EndProject
Project("{2150E333-8FDC-42A3-9474-1A3956D46DE8}") = "Mcma.Azure.TransformService", "Mcma.Azure.TransformService", "{5733BF62-B469-4F37-8192-454B172DA1D2}"
EndProject
Project("{FAE04EC0-301F-11D3-BF4B-00C04F79EFBC}") = "Mcma.Azure.Transform.ApiHandler", "services\Mcma.Azure.TransformService\ApiHandler\Mcma.Azure.Transform.ApiHandler.csproj", "{A1FE3125-9DB1-453F-8228-CE774375CAE3}"
EndProject
Project("{FAE04EC0-301F-11D3-BF4B-00C04F79EFBC}") = "Mcma.Azure.Transform.Worker", "services\Mcma.Azure.TransformService\Worker\Mcma.Azure.Transform.Worker.csproj", "{677A2B38-BE16-4293-BBEA-60505689A06D}"
EndProject
Project("{2150E333-8FDC-42A3-9474-1A3956D46DE8}") = "Mcma.Azure.WorkflowService", "Mcma.Azure.WorkflowService", "{CC8291ED-A26C-45F4-92DF-85EE8D91E42D}"
EndProject
Project("{FAE04EC0-301F-11D3-BF4B-00C04F79EFBC}") = "Mcma.Azure.WorkflowService.ApiHandler", "services\Mcma.Azure.WorkflowService\ApiHandler\Mcma.Azure.WorkflowService.ApiHandler.csproj", "{8B1C95F4-272B-4458-86D4-B5E0036484BD}"
EndProject
Project("{FAE04EC0-301F-11D3-BF4B-00C04F79EFBC}") = "Mcma.Azure.WorkflowService.Worker", "services\Mcma.Azure.WorkflowService\Worker\Mcma.Azure.WorkflowService.Worker.csproj", "{AB4081E8-F024-41B6-869E-3169221D5B75}"
EndProject
Project("{FAE04EC0-301F-11D3-BF4B-00C04F79EFBC}") = "Mcma.Azure.AwsAiService.Sns", "services\Mcma.Azure.AwsAiService\Sns\Mcma.Azure.AwsAiService.Sns.csproj", "{729DF220-883C-411B-B5C5-B959CC511795}"
EndProject
Project("{FAE04EC0-301F-11D3-BF4B-00C04F79EFBC}") = "Mcma.Azure.AzureAiService.Notifications", "services\Mcma.Azure.AzureAiService\Notifications\Mcma.Azure.AzureAiService.Notifications.csproj", "{24FC8A6A-11B5-4FBF-9F13-9CC4FC28FB91}"
EndProject
Global
	GlobalSection(SolutionConfigurationPlatforms) = preSolution
		Debug|Any CPU = Debug|Any CPU
		Debug|x64 = Debug|x64
		Debug|x86 = Debug|x86
		Release|Any CPU = Release|Any CPU
		Release|x64 = Release|x64
		Release|x86 = Release|x86
	EndGlobalSection
	GlobalSection(SolutionProperties) = preSolution
		HideSolutionNode = FALSE
	EndGlobalSection
	GlobalSection(ProjectConfigurationPlatforms) = postSolution
		{5640152E-0D25-4C88-AC9D-44D1C399B367}.Debug|Any CPU.ActiveCfg = Debug|Any CPU
		{5640152E-0D25-4C88-AC9D-44D1C399B367}.Debug|Any CPU.Build.0 = Debug|Any CPU
		{5640152E-0D25-4C88-AC9D-44D1C399B367}.Debug|x64.ActiveCfg = Debug|Any CPU
		{5640152E-0D25-4C88-AC9D-44D1C399B367}.Debug|x64.Build.0 = Debug|Any CPU
		{5640152E-0D25-4C88-AC9D-44D1C399B367}.Debug|x86.ActiveCfg = Debug|Any CPU
		{5640152E-0D25-4C88-AC9D-44D1C399B367}.Debug|x86.Build.0 = Debug|Any CPU
		{5640152E-0D25-4C88-AC9D-44D1C399B367}.Release|Any CPU.ActiveCfg = Release|Any CPU
		{5640152E-0D25-4C88-AC9D-44D1C399B367}.Release|Any CPU.Build.0 = Release|Any CPU
		{5640152E-0D25-4C88-AC9D-44D1C399B367}.Release|x64.ActiveCfg = Release|Any CPU
		{5640152E-0D25-4C88-AC9D-44D1C399B367}.Release|x64.Build.0 = Release|Any CPU
		{5640152E-0D25-4C88-AC9D-44D1C399B367}.Release|x86.ActiveCfg = Release|Any CPU
		{5640152E-0D25-4C88-AC9D-44D1C399B367}.Release|x86.Build.0 = Release|Any CPU
		{77E22131-6700-420E-A1BE-274D6C634836}.Debug|Any CPU.ActiveCfg = Debug|Any CPU
		{77E22131-6700-420E-A1BE-274D6C634836}.Debug|Any CPU.Build.0 = Debug|Any CPU
		{77E22131-6700-420E-A1BE-274D6C634836}.Debug|x64.ActiveCfg = Debug|Any CPU
		{77E22131-6700-420E-A1BE-274D6C634836}.Debug|x64.Build.0 = Debug|Any CPU
		{77E22131-6700-420E-A1BE-274D6C634836}.Debug|x86.ActiveCfg = Debug|Any CPU
		{77E22131-6700-420E-A1BE-274D6C634836}.Debug|x86.Build.0 = Debug|Any CPU
		{77E22131-6700-420E-A1BE-274D6C634836}.Release|Any CPU.ActiveCfg = Release|Any CPU
		{77E22131-6700-420E-A1BE-274D6C634836}.Release|Any CPU.Build.0 = Release|Any CPU
		{77E22131-6700-420E-A1BE-274D6C634836}.Release|x64.ActiveCfg = Release|Any CPU
		{77E22131-6700-420E-A1BE-274D6C634836}.Release|x64.Build.0 = Release|Any CPU
		{77E22131-6700-420E-A1BE-274D6C634836}.Release|x86.ActiveCfg = Release|Any CPU
		{77E22131-6700-420E-A1BE-274D6C634836}.Release|x86.Build.0 = Release|Any CPU
		{B7CA3A99-E6F5-46BC-BB48-2281D0D0880A}.Debug|Any CPU.ActiveCfg = Debug|Any CPU
		{B7CA3A99-E6F5-46BC-BB48-2281D0D0880A}.Debug|Any CPU.Build.0 = Debug|Any CPU
		{B7CA3A99-E6F5-46BC-BB48-2281D0D0880A}.Debug|x64.ActiveCfg = Debug|Any CPU
		{B7CA3A99-E6F5-46BC-BB48-2281D0D0880A}.Debug|x64.Build.0 = Debug|Any CPU
		{B7CA3A99-E6F5-46BC-BB48-2281D0D0880A}.Debug|x86.ActiveCfg = Debug|Any CPU
		{B7CA3A99-E6F5-46BC-BB48-2281D0D0880A}.Debug|x86.Build.0 = Debug|Any CPU
		{B7CA3A99-E6F5-46BC-BB48-2281D0D0880A}.Release|Any CPU.ActiveCfg = Release|Any CPU
		{B7CA3A99-E6F5-46BC-BB48-2281D0D0880A}.Release|Any CPU.Build.0 = Release|Any CPU
		{B7CA3A99-E6F5-46BC-BB48-2281D0D0880A}.Release|x64.ActiveCfg = Release|Any CPU
		{B7CA3A99-E6F5-46BC-BB48-2281D0D0880A}.Release|x64.Build.0 = Release|Any CPU
		{B7CA3A99-E6F5-46BC-BB48-2281D0D0880A}.Release|x86.ActiveCfg = Release|Any CPU
		{B7CA3A99-E6F5-46BC-BB48-2281D0D0880A}.Release|x86.Build.0 = Release|Any CPU
		{AB56836B-AD9D-481E-B773-4DDCFC28FCBA}.Debug|Any CPU.ActiveCfg = Debug|Any CPU
		{AB56836B-AD9D-481E-B773-4DDCFC28FCBA}.Debug|Any CPU.Build.0 = Debug|Any CPU
		{AB56836B-AD9D-481E-B773-4DDCFC28FCBA}.Debug|x64.ActiveCfg = Debug|Any CPU
		{AB56836B-AD9D-481E-B773-4DDCFC28FCBA}.Debug|x64.Build.0 = Debug|Any CPU
		{AB56836B-AD9D-481E-B773-4DDCFC28FCBA}.Debug|x86.ActiveCfg = Debug|Any CPU
		{AB56836B-AD9D-481E-B773-4DDCFC28FCBA}.Debug|x86.Build.0 = Debug|Any CPU
		{AB56836B-AD9D-481E-B773-4DDCFC28FCBA}.Release|Any CPU.ActiveCfg = Release|Any CPU
		{AB56836B-AD9D-481E-B773-4DDCFC28FCBA}.Release|Any CPU.Build.0 = Release|Any CPU
		{AB56836B-AD9D-481E-B773-4DDCFC28FCBA}.Release|x64.ActiveCfg = Release|Any CPU
		{AB56836B-AD9D-481E-B773-4DDCFC28FCBA}.Release|x64.Build.0 = Release|Any CPU
		{AB56836B-AD9D-481E-B773-4DDCFC28FCBA}.Release|x86.ActiveCfg = Release|Any CPU
		{AB56836B-AD9D-481E-B773-4DDCFC28FCBA}.Release|x86.Build.0 = Release|Any CPU
		{F4064F66-E643-436D-96D0-1B5B3425833B}.Debug|Any CPU.ActiveCfg = Debug|Any CPU
		{F4064F66-E643-436D-96D0-1B5B3425833B}.Debug|Any CPU.Build.0 = Debug|Any CPU
		{F4064F66-E643-436D-96D0-1B5B3425833B}.Debug|x64.ActiveCfg = Debug|Any CPU
		{F4064F66-E643-436D-96D0-1B5B3425833B}.Debug|x64.Build.0 = Debug|Any CPU
		{F4064F66-E643-436D-96D0-1B5B3425833B}.Debug|x86.ActiveCfg = Debug|Any CPU
		{F4064F66-E643-436D-96D0-1B5B3425833B}.Debug|x86.Build.0 = Debug|Any CPU
		{F4064F66-E643-436D-96D0-1B5B3425833B}.Release|Any CPU.ActiveCfg = Release|Any CPU
		{F4064F66-E643-436D-96D0-1B5B3425833B}.Release|Any CPU.Build.0 = Release|Any CPU
		{F4064F66-E643-436D-96D0-1B5B3425833B}.Release|x64.ActiveCfg = Release|Any CPU
		{F4064F66-E643-436D-96D0-1B5B3425833B}.Release|x64.Build.0 = Release|Any CPU
		{F4064F66-E643-436D-96D0-1B5B3425833B}.Release|x86.ActiveCfg = Release|Any CPU
		{F4064F66-E643-436D-96D0-1B5B3425833B}.Release|x86.Build.0 = Release|Any CPU
		{29F0120E-2950-4A96-8E97-8122CEF13E99}.Debug|Any CPU.ActiveCfg = Debug|Any CPU
		{29F0120E-2950-4A96-8E97-8122CEF13E99}.Debug|Any CPU.Build.0 = Debug|Any CPU
		{29F0120E-2950-4A96-8E97-8122CEF13E99}.Debug|x64.ActiveCfg = Debug|Any CPU
		{29F0120E-2950-4A96-8E97-8122CEF13E99}.Debug|x64.Build.0 = Debug|Any CPU
		{29F0120E-2950-4A96-8E97-8122CEF13E99}.Debug|x86.ActiveCfg = Debug|Any CPU
		{29F0120E-2950-4A96-8E97-8122CEF13E99}.Debug|x86.Build.0 = Debug|Any CPU
		{29F0120E-2950-4A96-8E97-8122CEF13E99}.Release|Any CPU.ActiveCfg = Release|Any CPU
		{29F0120E-2950-4A96-8E97-8122CEF13E99}.Release|Any CPU.Build.0 = Release|Any CPU
		{29F0120E-2950-4A96-8E97-8122CEF13E99}.Release|x64.ActiveCfg = Release|Any CPU
		{29F0120E-2950-4A96-8E97-8122CEF13E99}.Release|x64.Build.0 = Release|Any CPU
		{29F0120E-2950-4A96-8E97-8122CEF13E99}.Release|x86.ActiveCfg = Release|Any CPU
		{29F0120E-2950-4A96-8E97-8122CEF13E99}.Release|x86.Build.0 = Release|Any CPU
		{599F4A6F-8877-4C76-B400-9EB09E84F7B0}.Debug|Any CPU.ActiveCfg = Debug|Any CPU
		{599F4A6F-8877-4C76-B400-9EB09E84F7B0}.Debug|Any CPU.Build.0 = Debug|Any CPU
		{599F4A6F-8877-4C76-B400-9EB09E84F7B0}.Debug|x64.ActiveCfg = Debug|Any CPU
		{599F4A6F-8877-4C76-B400-9EB09E84F7B0}.Debug|x64.Build.0 = Debug|Any CPU
		{599F4A6F-8877-4C76-B400-9EB09E84F7B0}.Debug|x86.ActiveCfg = Debug|Any CPU
		{599F4A6F-8877-4C76-B400-9EB09E84F7B0}.Debug|x86.Build.0 = Debug|Any CPU
		{599F4A6F-8877-4C76-B400-9EB09E84F7B0}.Release|Any CPU.ActiveCfg = Release|Any CPU
		{599F4A6F-8877-4C76-B400-9EB09E84F7B0}.Release|Any CPU.Build.0 = Release|Any CPU
		{599F4A6F-8877-4C76-B400-9EB09E84F7B0}.Release|x64.ActiveCfg = Release|Any CPU
		{599F4A6F-8877-4C76-B400-9EB09E84F7B0}.Release|x64.Build.0 = Release|Any CPU
		{599F4A6F-8877-4C76-B400-9EB09E84F7B0}.Release|x86.ActiveCfg = Release|Any CPU
		{599F4A6F-8877-4C76-B400-9EB09E84F7B0}.Release|x86.Build.0 = Release|Any CPU
		{57BA9A78-2D09-40C9-8C59-F3ECA9E0343C}.Debug|Any CPU.ActiveCfg = Debug|Any CPU
		{57BA9A78-2D09-40C9-8C59-F3ECA9E0343C}.Debug|Any CPU.Build.0 = Debug|Any CPU
		{57BA9A78-2D09-40C9-8C59-F3ECA9E0343C}.Debug|x64.ActiveCfg = Debug|Any CPU
		{57BA9A78-2D09-40C9-8C59-F3ECA9E0343C}.Debug|x64.Build.0 = Debug|Any CPU
		{57BA9A78-2D09-40C9-8C59-F3ECA9E0343C}.Debug|x86.ActiveCfg = Debug|Any CPU
		{57BA9A78-2D09-40C9-8C59-F3ECA9E0343C}.Debug|x86.Build.0 = Debug|Any CPU
		{57BA9A78-2D09-40C9-8C59-F3ECA9E0343C}.Release|Any CPU.ActiveCfg = Release|Any CPU
		{57BA9A78-2D09-40C9-8C59-F3ECA9E0343C}.Release|Any CPU.Build.0 = Release|Any CPU
		{57BA9A78-2D09-40C9-8C59-F3ECA9E0343C}.Release|x64.ActiveCfg = Release|Any CPU
		{57BA9A78-2D09-40C9-8C59-F3ECA9E0343C}.Release|x64.Build.0 = Release|Any CPU
		{57BA9A78-2D09-40C9-8C59-F3ECA9E0343C}.Release|x86.ActiveCfg = Release|Any CPU
		{57BA9A78-2D09-40C9-8C59-F3ECA9E0343C}.Release|x86.Build.0 = Release|Any CPU
		{FD7434C5-976E-4679-B206-7A60D2FFF31C}.Debug|Any CPU.ActiveCfg = Debug|Any CPU
		{FD7434C5-976E-4679-B206-7A60D2FFF31C}.Debug|Any CPU.Build.0 = Debug|Any CPU
		{FD7434C5-976E-4679-B206-7A60D2FFF31C}.Debug|x64.ActiveCfg = Debug|Any CPU
		{FD7434C5-976E-4679-B206-7A60D2FFF31C}.Debug|x64.Build.0 = Debug|Any CPU
		{FD7434C5-976E-4679-B206-7A60D2FFF31C}.Debug|x86.ActiveCfg = Debug|Any CPU
		{FD7434C5-976E-4679-B206-7A60D2FFF31C}.Debug|x86.Build.0 = Debug|Any CPU
		{FD7434C5-976E-4679-B206-7A60D2FFF31C}.Release|Any CPU.ActiveCfg = Release|Any CPU
		{FD7434C5-976E-4679-B206-7A60D2FFF31C}.Release|Any CPU.Build.0 = Release|Any CPU
		{FD7434C5-976E-4679-B206-7A60D2FFF31C}.Release|x64.ActiveCfg = Release|Any CPU
		{FD7434C5-976E-4679-B206-7A60D2FFF31C}.Release|x64.Build.0 = Release|Any CPU
		{FD7434C5-976E-4679-B206-7A60D2FFF31C}.Release|x86.ActiveCfg = Release|Any CPU
		{FD7434C5-976E-4679-B206-7A60D2FFF31C}.Release|x86.Build.0 = Release|Any CPU
		{933EF78C-2EA9-418A-A187-2B98590233D6}.Debug|Any CPU.ActiveCfg = Debug|Any CPU
		{933EF78C-2EA9-418A-A187-2B98590233D6}.Debug|Any CPU.Build.0 = Debug|Any CPU
		{933EF78C-2EA9-418A-A187-2B98590233D6}.Debug|x64.ActiveCfg = Debug|Any CPU
		{933EF78C-2EA9-418A-A187-2B98590233D6}.Debug|x64.Build.0 = Debug|Any CPU
		{933EF78C-2EA9-418A-A187-2B98590233D6}.Debug|x86.ActiveCfg = Debug|Any CPU
		{933EF78C-2EA9-418A-A187-2B98590233D6}.Debug|x86.Build.0 = Debug|Any CPU
		{933EF78C-2EA9-418A-A187-2B98590233D6}.Release|Any CPU.ActiveCfg = Release|Any CPU
		{933EF78C-2EA9-418A-A187-2B98590233D6}.Release|Any CPU.Build.0 = Release|Any CPU
		{933EF78C-2EA9-418A-A187-2B98590233D6}.Release|x64.ActiveCfg = Release|Any CPU
		{933EF78C-2EA9-418A-A187-2B98590233D6}.Release|x64.Build.0 = Release|Any CPU
		{933EF78C-2EA9-418A-A187-2B98590233D6}.Release|x86.ActiveCfg = Release|Any CPU
		{933EF78C-2EA9-418A-A187-2B98590233D6}.Release|x86.Build.0 = Release|Any CPU
		{5FABC620-7199-45EB-BD02-75A865125B7C}.Debug|Any CPU.ActiveCfg = Debug|Any CPU
		{5FABC620-7199-45EB-BD02-75A865125B7C}.Debug|Any CPU.Build.0 = Debug|Any CPU
		{5FABC620-7199-45EB-BD02-75A865125B7C}.Debug|x64.ActiveCfg = Debug|Any CPU
		{5FABC620-7199-45EB-BD02-75A865125B7C}.Debug|x64.Build.0 = Debug|Any CPU
		{5FABC620-7199-45EB-BD02-75A865125B7C}.Debug|x86.ActiveCfg = Debug|Any CPU
		{5FABC620-7199-45EB-BD02-75A865125B7C}.Debug|x86.Build.0 = Debug|Any CPU
		{5FABC620-7199-45EB-BD02-75A865125B7C}.Release|Any CPU.ActiveCfg = Release|Any CPU
		{5FABC620-7199-45EB-BD02-75A865125B7C}.Release|Any CPU.Build.0 = Release|Any CPU
		{5FABC620-7199-45EB-BD02-75A865125B7C}.Release|x64.ActiveCfg = Release|Any CPU
		{5FABC620-7199-45EB-BD02-75A865125B7C}.Release|x64.Build.0 = Release|Any CPU
		{5FABC620-7199-45EB-BD02-75A865125B7C}.Release|x86.ActiveCfg = Release|Any CPU
		{5FABC620-7199-45EB-BD02-75A865125B7C}.Release|x86.Build.0 = Release|Any CPU
		{FD84C512-1F2C-40DD-9355-7C9687C1E9B4}.Debug|Any CPU.ActiveCfg = Debug|Any CPU
		{FD84C512-1F2C-40DD-9355-7C9687C1E9B4}.Debug|Any CPU.Build.0 = Debug|Any CPU
		{FD84C512-1F2C-40DD-9355-7C9687C1E9B4}.Debug|x64.ActiveCfg = Debug|Any CPU
		{FD84C512-1F2C-40DD-9355-7C9687C1E9B4}.Debug|x64.Build.0 = Debug|Any CPU
		{FD84C512-1F2C-40DD-9355-7C9687C1E9B4}.Debug|x86.ActiveCfg = Debug|Any CPU
		{FD84C512-1F2C-40DD-9355-7C9687C1E9B4}.Debug|x86.Build.0 = Debug|Any CPU
		{FD84C512-1F2C-40DD-9355-7C9687C1E9B4}.Release|Any CPU.ActiveCfg = Release|Any CPU
		{FD84C512-1F2C-40DD-9355-7C9687C1E9B4}.Release|Any CPU.Build.0 = Release|Any CPU
		{FD84C512-1F2C-40DD-9355-7C9687C1E9B4}.Release|x64.ActiveCfg = Release|Any CPU
		{FD84C512-1F2C-40DD-9355-7C9687C1E9B4}.Release|x64.Build.0 = Release|Any CPU
		{FD84C512-1F2C-40DD-9355-7C9687C1E9B4}.Release|x86.ActiveCfg = Release|Any CPU
		{FD84C512-1F2C-40DD-9355-7C9687C1E9B4}.Release|x86.Build.0 = Release|Any CPU
		{A1FE3125-9DB1-453F-8228-CE774375CAE3}.Debug|Any CPU.ActiveCfg = Debug|Any CPU
		{A1FE3125-9DB1-453F-8228-CE774375CAE3}.Debug|Any CPU.Build.0 = Debug|Any CPU
		{A1FE3125-9DB1-453F-8228-CE774375CAE3}.Debug|x64.ActiveCfg = Debug|Any CPU
		{A1FE3125-9DB1-453F-8228-CE774375CAE3}.Debug|x64.Build.0 = Debug|Any CPU
		{A1FE3125-9DB1-453F-8228-CE774375CAE3}.Debug|x86.ActiveCfg = Debug|Any CPU
		{A1FE3125-9DB1-453F-8228-CE774375CAE3}.Debug|x86.Build.0 = Debug|Any CPU
		{A1FE3125-9DB1-453F-8228-CE774375CAE3}.Release|Any CPU.ActiveCfg = Release|Any CPU
		{A1FE3125-9DB1-453F-8228-CE774375CAE3}.Release|Any CPU.Build.0 = Release|Any CPU
		{A1FE3125-9DB1-453F-8228-CE774375CAE3}.Release|x64.ActiveCfg = Release|Any CPU
		{A1FE3125-9DB1-453F-8228-CE774375CAE3}.Release|x64.Build.0 = Release|Any CPU
		{A1FE3125-9DB1-453F-8228-CE774375CAE3}.Release|x86.ActiveCfg = Release|Any CPU
		{A1FE3125-9DB1-453F-8228-CE774375CAE3}.Release|x86.Build.0 = Release|Any CPU
		{677A2B38-BE16-4293-BBEA-60505689A06D}.Debug|Any CPU.ActiveCfg = Debug|Any CPU
		{677A2B38-BE16-4293-BBEA-60505689A06D}.Debug|Any CPU.Build.0 = Debug|Any CPU
		{677A2B38-BE16-4293-BBEA-60505689A06D}.Debug|x64.ActiveCfg = Debug|Any CPU
		{677A2B38-BE16-4293-BBEA-60505689A06D}.Debug|x64.Build.0 = Debug|Any CPU
		{677A2B38-BE16-4293-BBEA-60505689A06D}.Debug|x86.ActiveCfg = Debug|Any CPU
		{677A2B38-BE16-4293-BBEA-60505689A06D}.Debug|x86.Build.0 = Debug|Any CPU
		{677A2B38-BE16-4293-BBEA-60505689A06D}.Release|Any CPU.ActiveCfg = Release|Any CPU
		{677A2B38-BE16-4293-BBEA-60505689A06D}.Release|Any CPU.Build.0 = Release|Any CPU
		{677A2B38-BE16-4293-BBEA-60505689A06D}.Release|x64.ActiveCfg = Release|Any CPU
		{677A2B38-BE16-4293-BBEA-60505689A06D}.Release|x64.Build.0 = Release|Any CPU
		{677A2B38-BE16-4293-BBEA-60505689A06D}.Release|x86.ActiveCfg = Release|Any CPU
		{677A2B38-BE16-4293-BBEA-60505689A06D}.Release|x86.Build.0 = Release|Any CPU
		{8B1C95F4-272B-4458-86D4-B5E0036484BD}.Debug|Any CPU.ActiveCfg = Debug|Any CPU
		{8B1C95F4-272B-4458-86D4-B5E0036484BD}.Debug|Any CPU.Build.0 = Debug|Any CPU
		{8B1C95F4-272B-4458-86D4-B5E0036484BD}.Debug|x64.ActiveCfg = Debug|Any CPU
		{8B1C95F4-272B-4458-86D4-B5E0036484BD}.Debug|x64.Build.0 = Debug|Any CPU
		{8B1C95F4-272B-4458-86D4-B5E0036484BD}.Debug|x86.ActiveCfg = Debug|Any CPU
		{8B1C95F4-272B-4458-86D4-B5E0036484BD}.Debug|x86.Build.0 = Debug|Any CPU
		{8B1C95F4-272B-4458-86D4-B5E0036484BD}.Release|Any CPU.ActiveCfg = Release|Any CPU
		{8B1C95F4-272B-4458-86D4-B5E0036484BD}.Release|Any CPU.Build.0 = Release|Any CPU
		{8B1C95F4-272B-4458-86D4-B5E0036484BD}.Release|x64.ActiveCfg = Release|Any CPU
		{8B1C95F4-272B-4458-86D4-B5E0036484BD}.Release|x64.Build.0 = Release|Any CPU
		{8B1C95F4-272B-4458-86D4-B5E0036484BD}.Release|x86.ActiveCfg = Release|Any CPU
		{8B1C95F4-272B-4458-86D4-B5E0036484BD}.Release|x86.Build.0 = Release|Any CPU
		{AB4081E8-F024-41B6-869E-3169221D5B75}.Debug|Any CPU.ActiveCfg = Debug|Any CPU
		{AB4081E8-F024-41B6-869E-3169221D5B75}.Debug|Any CPU.Build.0 = Debug|Any CPU
		{AB4081E8-F024-41B6-869E-3169221D5B75}.Debug|x64.ActiveCfg = Debug|Any CPU
		{AB4081E8-F024-41B6-869E-3169221D5B75}.Debug|x64.Build.0 = Debug|Any CPU
		{AB4081E8-F024-41B6-869E-3169221D5B75}.Debug|x86.ActiveCfg = Debug|Any CPU
		{AB4081E8-F024-41B6-869E-3169221D5B75}.Debug|x86.Build.0 = Debug|Any CPU
		{AB4081E8-F024-41B6-869E-3169221D5B75}.Release|Any CPU.ActiveCfg = Release|Any CPU
		{AB4081E8-F024-41B6-869E-3169221D5B75}.Release|Any CPU.Build.0 = Release|Any CPU
		{AB4081E8-F024-41B6-869E-3169221D5B75}.Release|x64.ActiveCfg = Release|Any CPU
		{AB4081E8-F024-41B6-869E-3169221D5B75}.Release|x64.Build.0 = Release|Any CPU
		{AB4081E8-F024-41B6-869E-3169221D5B75}.Release|x86.ActiveCfg = Release|Any CPU
		{AB4081E8-F024-41B6-869E-3169221D5B75}.Release|x86.Build.0 = Release|Any CPU
		{729DF220-883C-411B-B5C5-B959CC511795}.Debug|Any CPU.ActiveCfg = Debug|Any CPU
		{729DF220-883C-411B-B5C5-B959CC511795}.Debug|Any CPU.Build.0 = Debug|Any CPU
		{729DF220-883C-411B-B5C5-B959CC511795}.Debug|x64.ActiveCfg = Debug|Any CPU
		{729DF220-883C-411B-B5C5-B959CC511795}.Debug|x64.Build.0 = Debug|Any CPU
		{729DF220-883C-411B-B5C5-B959CC511795}.Debug|x86.ActiveCfg = Debug|Any CPU
		{729DF220-883C-411B-B5C5-B959CC511795}.Debug|x86.Build.0 = Debug|Any CPU
		{729DF220-883C-411B-B5C5-B959CC511795}.Release|Any CPU.ActiveCfg = Release|Any CPU
		{729DF220-883C-411B-B5C5-B959CC511795}.Release|Any CPU.Build.0 = Release|Any CPU
		{729DF220-883C-411B-B5C5-B959CC511795}.Release|x64.ActiveCfg = Release|Any CPU
		{729DF220-883C-411B-B5C5-B959CC511795}.Release|x64.Build.0 = Release|Any CPU
		{729DF220-883C-411B-B5C5-B959CC511795}.Release|x86.ActiveCfg = Release|Any CPU
		{729DF220-883C-411B-B5C5-B959CC511795}.Release|x86.Build.0 = Release|Any CPU
		{24FC8A6A-11B5-4FBF-9F13-9CC4FC28FB91}.Debug|Any CPU.ActiveCfg = Debug|Any CPU
		{24FC8A6A-11B5-4FBF-9F13-9CC4FC28FB91}.Debug|Any CPU.Build.0 = Debug|Any CPU
		{24FC8A6A-11B5-4FBF-9F13-9CC4FC28FB91}.Debug|x64.ActiveCfg = Debug|Any CPU
		{24FC8A6A-11B5-4FBF-9F13-9CC4FC28FB91}.Debug|x64.Build.0 = Debug|Any CPU
		{24FC8A6A-11B5-4FBF-9F13-9CC4FC28FB91}.Debug|x86.ActiveCfg = Debug|Any CPU
		{24FC8A6A-11B5-4FBF-9F13-9CC4FC28FB91}.Debug|x86.Build.0 = Debug|Any CPU
		{24FC8A6A-11B5-4FBF-9F13-9CC4FC28FB91}.Release|Any CPU.ActiveCfg = Release|Any CPU
		{24FC8A6A-11B5-4FBF-9F13-9CC4FC28FB91}.Release|Any CPU.Build.0 = Release|Any CPU
		{24FC8A6A-11B5-4FBF-9F13-9CC4FC28FB91}.Release|x64.ActiveCfg = Release|Any CPU
		{24FC8A6A-11B5-4FBF-9F13-9CC4FC28FB91}.Release|x64.Build.0 = Release|Any CPU
		{24FC8A6A-11B5-4FBF-9F13-9CC4FC28FB91}.Release|x86.ActiveCfg = Release|Any CPU
		{24FC8A6A-11B5-4FBF-9F13-9CC4FC28FB91}.Release|x86.Build.0 = Release|Any CPU
	EndGlobalSection
	GlobalSection(NestedProjects) = preSolution
		{6D280196-0C76-4B30-9D4A-90AFD2EA1CCD} = {36BC4DCB-69A2-4336-AC95-755F0BF1A95E}
		{5640152E-0D25-4C88-AC9D-44D1C399B367} = {6D280196-0C76-4B30-9D4A-90AFD2EA1CCD}
		{6BA572D3-92DA-42CD-8D1A-0A2DBCE6A2C4} = {36BC4DCB-69A2-4336-AC95-755F0BF1A95E}
		{77E22131-6700-420E-A1BE-274D6C634836} = {6BA572D3-92DA-42CD-8D1A-0A2DBCE6A2C4}
		{B7CA3A99-E6F5-46BC-BB48-2281D0D0880A} = {6BA572D3-92DA-42CD-8D1A-0A2DBCE6A2C4}
		{43650543-A538-458E-ABB3-48D4A1D8CC31} = {36BC4DCB-69A2-4336-AC95-755F0BF1A95E}
		{AB56836B-AD9D-481E-B773-4DDCFC28FCBA} = {43650543-A538-458E-ABB3-48D4A1D8CC31}
		{F4064F66-E643-436D-96D0-1B5B3425833B} = {43650543-A538-458E-ABB3-48D4A1D8CC31}
		{3DD7B9C9-E56B-4974-84C3-01E5B9EB0853} = {36BC4DCB-69A2-4336-AC95-755F0BF1A95E}
		{29F0120E-2950-4A96-8E97-8122CEF13E99} = {3DD7B9C9-E56B-4974-84C3-01E5B9EB0853}
		{599F4A6F-8877-4C76-B400-9EB09E84F7B0} = {3DD7B9C9-E56B-4974-84C3-01E5B9EB0853}
		{C25A8A47-C95E-4CDD-BBCD-205E6F71BD9D} = {36BC4DCB-69A2-4336-AC95-755F0BF1A95E}
		{57BA9A78-2D09-40C9-8C59-F3ECA9E0343C} = {C25A8A47-C95E-4CDD-BBCD-205E6F71BD9D}
		{56093197-4152-43E2-A9C0-77CE6D4E1812} = {36BC4DCB-69A2-4336-AC95-755F0BF1A95E}
		{FD7434C5-976E-4679-B206-7A60D2FFF31C} = {56093197-4152-43E2-A9C0-77CE6D4E1812}
		{933EF78C-2EA9-418A-A187-2B98590233D6} = {56093197-4152-43E2-A9C0-77CE6D4E1812}
		{F338F27F-3260-4D2A-BE29-A5B9D76F5F1D} = {36BC4DCB-69A2-4336-AC95-755F0BF1A95E}
		{5FABC620-7199-45EB-BD02-75A865125B7C} = {F338F27F-3260-4D2A-BE29-A5B9D76F5F1D}
		{FD84C512-1F2C-40DD-9355-7C9687C1E9B4} = {F338F27F-3260-4D2A-BE29-A5B9D76F5F1D}
		{5733BF62-B469-4F37-8192-454B172DA1D2} = {36BC4DCB-69A2-4336-AC95-755F0BF1A95E}
		{A1FE3125-9DB1-453F-8228-CE774375CAE3} = {5733BF62-B469-4F37-8192-454B172DA1D2}
		{677A2B38-BE16-4293-BBEA-60505689A06D} = {5733BF62-B469-4F37-8192-454B172DA1D2}
		{CC8291ED-A26C-45F4-92DF-85EE8D91E42D} = {36BC4DCB-69A2-4336-AC95-755F0BF1A95E}
		{8B1C95F4-272B-4458-86D4-B5E0036484BD} = {CC8291ED-A26C-45F4-92DF-85EE8D91E42D}
		{AB4081E8-F024-41B6-869E-3169221D5B75} = {CC8291ED-A26C-45F4-92DF-85EE8D91E42D}
		{729DF220-883C-411B-B5C5-B959CC511795} = {56093197-4152-43E2-A9C0-77CE6D4E1812}
		{24FC8A6A-11B5-4FBF-9F13-9CC4FC28FB91} = {F338F27F-3260-4D2A-BE29-A5B9D76F5F1D}
	EndGlobalSection
EndGlobal
