
Microsoft Visual Studio Solution File, Format Version 12.00
# Visual Studio 15
VisualStudioVersion = 15.0.26124.0
MinimumVisualStudioVersion = 15.0.26124.0
Project("{2150E333-8FDC-42A3-9474-1A3956D46DE8}") = "FFmpegService", "FFmpegService", "{5BA8A239-5428-49DA-9AEF-C3C39F702C4B}"
EndProject
Project("{FAE04EC0-301F-11D3-BF4B-00C04F79EFBC}") = "Mcma.GoogleCloud.FFmpegService.ApiHandler", "Services\FFmpegService\Mcma.GoogleCloud.FFmpegService.ApiHandler\Mcma.GoogleCloud.FFmpegService.ApiHandler.csproj", "{1C3E6BD3-2E8D-44E3-A143-57938AA7D371}"
EndProject
Project("{FAE04EC0-301F-11D3-BF4B-00C04F79EFBC}") = "Mcma.GoogleCloud.FFmpegService.Worker", "Services\FFmpegService\Mcma.GoogleCloud.FFmpegService.Worker\Mcma.GoogleCloud.FFmpegService.Worker.csproj", "{753FF136-5DCF-4E12-82DD-A32CA2D2F452}"
EndProject
Project("{2150E333-8FDC-42A3-9474-1A3956D46DE8}") = "JobProcessor", "JobProcessor", "{0D910464-C213-4DA4-A35C-4049F9C426B6}"
EndProject
Project("{FAE04EC0-301F-11D3-BF4B-00C04F79EFBC}") = "Mcma.GoogleCloud.JobProcessor.ApiHandler", "Services\JobProcessor\Mcma.GoogleCloud.JobProcessor.ApiHandler\Mcma.GoogleCloud.JobProcessor.ApiHandler.csproj", "{5CAD6A75-7104-43DC-B52D-EF48D208EDD2}"
EndProject
Project("{FAE04EC0-301F-11D3-BF4B-00C04F79EFBC}") = "Mcma.GoogleCloud.JobProcessor.Worker", "Services\JobProcessor\Mcma.GoogleCloud.JobProcessor.Worker\Mcma.GoogleCloud.JobProcessor.Worker.csproj", "{82F08CD0-310A-4F68-85DF-78689FDB7D8A}"
EndProject
Project("{2150E333-8FDC-42A3-9474-1A3956D46DE8}") = "MediaInfoService", "MediaInfoService", "{A9584EF3-A19A-4D1E-80C5-DA3BA4BDFD03}"
EndProject
Project("{FAE04EC0-301F-11D3-BF4B-00C04F79EFBC}") = "Mcma.GoogleCloud.MediaInfoService.ApiHandler", "Services\MediaInfoService\Mcma.GoogleCloud.MediaInfoService.ApiHandler\Mcma.GoogleCloud.MediaInfoService.ApiHandler.csproj", "{732CE5D2-68D5-411D-9430-22772592FEE3}"
EndProject
Project("{FAE04EC0-301F-11D3-BF4B-00C04F79EFBC}") = "Mcma.GoogleCloud.MediaInfoService.Worker", "Services\MediaInfoService\Mcma.GoogleCloud.MediaInfoService.Worker\Mcma.GoogleCloud.MediaInfoService.Worker.csproj", "{8B0F5A3E-33B8-475E-8460-3B5CA2099CA5}"
EndProject
Project("{2150E333-8FDC-42A3-9474-1A3956D46DE8}") = "ServiceRegistry", "ServiceRegistry", "{C7339301-8C9F-491E-81B3-348524528D2D}"
EndProject
Project("{FAE04EC0-301F-11D3-BF4B-00C04F79EFBC}") = "Mcma.GoogleCloud.ServiceRegistry.ApiHandler", "Services\ServiceRegistry\Mcma.GoogleCloud.ServiceRegistry.ApiHandler\Mcma.GoogleCloud.ServiceRegistry.ApiHandler.csproj", "{072D1882-4F5B-4263-B53F-B868719054A0}"
EndProject
Project("{FAE04EC0-301F-11D3-BF4B-00C04F79EFBC}") = "Mcma.GoogleCloud.JobProcessor.PeriodicJobChecker", "Services\JobProcessor\Mcma.GoogleCloud.JobProcessor.PeriodicJobChecker\Mcma.GoogleCloud.JobProcessor.PeriodicJobChecker.csproj", "{08D33362-02A2-4925-BB71-836960548CFC}"
EndProject
Project("{FAE04EC0-301F-11D3-BF4B-00C04F79EFBC}") = "Mcma.GoogleCloud.JobProcessor.PeriodicJobCleanup", "Services\JobProcessor\Mcma.GoogleCloud.JobProcessor.PeriodicJobCleanup\Mcma.GoogleCloud.JobProcessor.PeriodicJobCleanup.csproj", "{01289A9C-2155-4822-8718-A82DF9A444B1}"
EndProject
Project("{FAE04EC0-301F-11D3-BF4B-00C04F79EFBC}") = "Mcma.GoogleCloud.JobProcessor.Common", "Services\JobProcessor\Mcma.GoogleCloud.JobProcessor.Common\Mcma.GoogleCloud.JobProcessor.Common.csproj", "{D0B24102-9AA9-4A17-A7F0-0FC807CA1692}"
EndProject
Project("{FAE04EC0-301F-11D3-BF4B-00C04F79EFBC}") = "Mcma.GoogleCloud.Sample.Scripts", "Scripts\Mcma.GoogleCloud.Sample.Scripts.csproj", "{EE61685D-075D-4A1B-B42A-A564460DDF1B}"
EndProject
Project("{2150E333-8FDC-42A3-9474-1A3956D46DE8}") = "Scripts", "Scripts", "{DE9B6517-AD78-4EA5-8DB5-808AD9389DEE}"
EndProject
Project("{2150E333-8FDC-42A3-9474-1A3956D46DE8}") = "Services", "Services", "{DBC1238E-312D-4053-8C08-95AE4EE0F674}"
EndProject
Global
	GlobalSection(SolutionConfigurationPlatforms) = preSolution
		Debug|Any CPU = Debug|Any CPU
		Debug|x64 = Debug|x64
		Debug|x86 = Debug|x86
		Release|Any CPU = Release|Any CPU
		Release|x64 = Release|x64
		Release|x86 = Release|x86
	EndGlobalSection
	GlobalSection(SolutionProperties) = preSolution
		HideSolutionNode = FALSE
	EndGlobalSection
	GlobalSection(ProjectConfigurationPlatforms) = postSolution
		{1C3E6BD3-2E8D-44E3-A143-57938AA7D371}.Debug|Any CPU.ActiveCfg = Debug|Any CPU
		{1C3E6BD3-2E8D-44E3-A143-57938AA7D371}.Debug|Any CPU.Build.0 = Debug|Any CPU
		{1C3E6BD3-2E8D-44E3-A143-57938AA7D371}.Debug|x64.ActiveCfg = Debug|Any CPU
		{1C3E6BD3-2E8D-44E3-A143-57938AA7D371}.Debug|x64.Build.0 = Debug|Any CPU
		{1C3E6BD3-2E8D-44E3-A143-57938AA7D371}.Debug|x86.ActiveCfg = Debug|Any CPU
		{1C3E6BD3-2E8D-44E3-A143-57938AA7D371}.Debug|x86.Build.0 = Debug|Any CPU
		{1C3E6BD3-2E8D-44E3-A143-57938AA7D371}.Release|Any CPU.ActiveCfg = Release|Any CPU
		{1C3E6BD3-2E8D-44E3-A143-57938AA7D371}.Release|Any CPU.Build.0 = Release|Any CPU
		{1C3E6BD3-2E8D-44E3-A143-57938AA7D371}.Release|x64.ActiveCfg = Release|Any CPU
		{1C3E6BD3-2E8D-44E3-A143-57938AA7D371}.Release|x64.Build.0 = Release|Any CPU
		{1C3E6BD3-2E8D-44E3-A143-57938AA7D371}.Release|x86.ActiveCfg = Release|Any CPU
		{1C3E6BD3-2E8D-44E3-A143-57938AA7D371}.Release|x86.Build.0 = Release|Any CPU
		{753FF136-5DCF-4E12-82DD-A32CA2D2F452}.Debug|Any CPU.ActiveCfg = Debug|Any CPU
		{753FF136-5DCF-4E12-82DD-A32CA2D2F452}.Debug|Any CPU.Build.0 = Debug|Any CPU
		{753FF136-5DCF-4E12-82DD-A32CA2D2F452}.Debug|x64.ActiveCfg = Debug|Any CPU
		{753FF136-5DCF-4E12-82DD-A32CA2D2F452}.Debug|x64.Build.0 = Debug|Any CPU
		{753FF136-5DCF-4E12-82DD-A32CA2D2F452}.Debug|x86.ActiveCfg = Debug|Any CPU
		{753FF136-5DCF-4E12-82DD-A32CA2D2F452}.Debug|x86.Build.0 = Debug|Any CPU
		{753FF136-5DCF-4E12-82DD-A32CA2D2F452}.Release|Any CPU.ActiveCfg = Release|Any CPU
		{753FF136-5DCF-4E12-82DD-A32CA2D2F452}.Release|Any CPU.Build.0 = Release|Any CPU
		{753FF136-5DCF-4E12-82DD-A32CA2D2F452}.Release|x64.ActiveCfg = Release|Any CPU
		{753FF136-5DCF-4E12-82DD-A32CA2D2F452}.Release|x64.Build.0 = Release|Any CPU
		{753FF136-5DCF-4E12-82DD-A32CA2D2F452}.Release|x86.ActiveCfg = Release|Any CPU
		{753FF136-5DCF-4E12-82DD-A32CA2D2F452}.Release|x86.Build.0 = Release|Any CPU
		{5CAD6A75-7104-43DC-B52D-EF48D208EDD2}.Debug|Any CPU.ActiveCfg = Debug|Any CPU
		{5CAD6A75-7104-43DC-B52D-EF48D208EDD2}.Debug|Any CPU.Build.0 = Debug|Any CPU
		{5CAD6A75-7104-43DC-B52D-EF48D208EDD2}.Debug|x64.ActiveCfg = Debug|Any CPU
		{5CAD6A75-7104-43DC-B52D-EF48D208EDD2}.Debug|x64.Build.0 = Debug|Any CPU
		{5CAD6A75-7104-43DC-B52D-EF48D208EDD2}.Debug|x86.ActiveCfg = Debug|Any CPU
		{5CAD6A75-7104-43DC-B52D-EF48D208EDD2}.Debug|x86.Build.0 = Debug|Any CPU
		{5CAD6A75-7104-43DC-B52D-EF48D208EDD2}.Release|Any CPU.ActiveCfg = Release|Any CPU
		{5CAD6A75-7104-43DC-B52D-EF48D208EDD2}.Release|Any CPU.Build.0 = Release|Any CPU
		{5CAD6A75-7104-43DC-B52D-EF48D208EDD2}.Release|x64.ActiveCfg = Release|Any CPU
		{5CAD6A75-7104-43DC-B52D-EF48D208EDD2}.Release|x64.Build.0 = Release|Any CPU
		{5CAD6A75-7104-43DC-B52D-EF48D208EDD2}.Release|x86.ActiveCfg = Release|Any CPU
		{5CAD6A75-7104-43DC-B52D-EF48D208EDD2}.Release|x86.Build.0 = Release|Any CPU
		{82F08CD0-310A-4F68-85DF-78689FDB7D8A}.Debug|Any CPU.ActiveCfg = Debug|Any CPU
		{82F08CD0-310A-4F68-85DF-78689FDB7D8A}.Debug|Any CPU.Build.0 = Debug|Any CPU
		{82F08CD0-310A-4F68-85DF-78689FDB7D8A}.Debug|x64.ActiveCfg = Debug|Any CPU
		{82F08CD0-310A-4F68-85DF-78689FDB7D8A}.Debug|x64.Build.0 = Debug|Any CPU
		{82F08CD0-310A-4F68-85DF-78689FDB7D8A}.Debug|x86.ActiveCfg = Debug|Any CPU
		{82F08CD0-310A-4F68-85DF-78689FDB7D8A}.Debug|x86.Build.0 = Debug|Any CPU
		{82F08CD0-310A-4F68-85DF-78689FDB7D8A}.Release|Any CPU.ActiveCfg = Release|Any CPU
		{82F08CD0-310A-4F68-85DF-78689FDB7D8A}.Release|Any CPU.Build.0 = Release|Any CPU
		{82F08CD0-310A-4F68-85DF-78689FDB7D8A}.Release|x64.ActiveCfg = Release|Any CPU
		{82F08CD0-310A-4F68-85DF-78689FDB7D8A}.Release|x64.Build.0 = Release|Any CPU
		{82F08CD0-310A-4F68-85DF-78689FDB7D8A}.Release|x86.ActiveCfg = Release|Any CPU
		{82F08CD0-310A-4F68-85DF-78689FDB7D8A}.Release|x86.Build.0 = Release|Any CPU
		{732CE5D2-68D5-411D-9430-22772592FEE3}.Debug|Any CPU.ActiveCfg = Debug|Any CPU
		{732CE5D2-68D5-411D-9430-22772592FEE3}.Debug|Any CPU.Build.0 = Debug|Any CPU
		{732CE5D2-68D5-411D-9430-22772592FEE3}.Debug|x64.ActiveCfg = Debug|Any CPU
		{732CE5D2-68D5-411D-9430-22772592FEE3}.Debug|x64.Build.0 = Debug|Any CPU
		{732CE5D2-68D5-411D-9430-22772592FEE3}.Debug|x86.ActiveCfg = Debug|Any CPU
		{732CE5D2-68D5-411D-9430-22772592FEE3}.Debug|x86.Build.0 = Debug|Any CPU
		{732CE5D2-68D5-411D-9430-22772592FEE3}.Release|Any CPU.ActiveCfg = Release|Any CPU
		{732CE5D2-68D5-411D-9430-22772592FEE3}.Release|Any CPU.Build.0 = Release|Any CPU
		{732CE5D2-68D5-411D-9430-22772592FEE3}.Release|x64.ActiveCfg = Release|Any CPU
		{732CE5D2-68D5-411D-9430-22772592FEE3}.Release|x64.Build.0 = Release|Any CPU
		{732CE5D2-68D5-411D-9430-22772592FEE3}.Release|x86.ActiveCfg = Release|Any CPU
		{732CE5D2-68D5-411D-9430-22772592FEE3}.Release|x86.Build.0 = Release|Any CPU
		{8B0F5A3E-33B8-475E-8460-3B5CA2099CA5}.Debug|Any CPU.ActiveCfg = Debug|Any CPU
		{8B0F5A3E-33B8-475E-8460-3B5CA2099CA5}.Debug|Any CPU.Build.0 = Debug|Any CPU
		{8B0F5A3E-33B8-475E-8460-3B5CA2099CA5}.Debug|x64.ActiveCfg = Debug|Any CPU
		{8B0F5A3E-33B8-475E-8460-3B5CA2099CA5}.Debug|x64.Build.0 = Debug|Any CPU
		{8B0F5A3E-33B8-475E-8460-3B5CA2099CA5}.Debug|x86.ActiveCfg = Debug|Any CPU
		{8B0F5A3E-33B8-475E-8460-3B5CA2099CA5}.Debug|x86.Build.0 = Debug|Any CPU
		{8B0F5A3E-33B8-475E-8460-3B5CA2099CA5}.Release|Any CPU.ActiveCfg = Release|Any CPU
		{8B0F5A3E-33B8-475E-8460-3B5CA2099CA5}.Release|Any CPU.Build.0 = Release|Any CPU
		{8B0F5A3E-33B8-475E-8460-3B5CA2099CA5}.Release|x64.ActiveCfg = Release|Any CPU
		{8B0F5A3E-33B8-475E-8460-3B5CA2099CA5}.Release|x64.Build.0 = Release|Any CPU
		{8B0F5A3E-33B8-475E-8460-3B5CA2099CA5}.Release|x86.ActiveCfg = Release|Any CPU
		{8B0F5A3E-33B8-475E-8460-3B5CA2099CA5}.Release|x86.Build.0 = Release|Any CPU
		{072D1882-4F5B-4263-B53F-B868719054A0}.Debug|Any CPU.ActiveCfg = Debug|Any CPU
		{072D1882-4F5B-4263-B53F-B868719054A0}.Debug|Any CPU.Build.0 = Debug|Any CPU
		{072D1882-4F5B-4263-B53F-B868719054A0}.Debug|x64.ActiveCfg = Debug|Any CPU
		{072D1882-4F5B-4263-B53F-B868719054A0}.Debug|x64.Build.0 = Debug|Any CPU
		{072D1882-4F5B-4263-B53F-B868719054A0}.Debug|x86.ActiveCfg = Debug|Any CPU
		{072D1882-4F5B-4263-B53F-B868719054A0}.Debug|x86.Build.0 = Debug|Any CPU
		{072D1882-4F5B-4263-B53F-B868719054A0}.Release|Any CPU.ActiveCfg = Release|Any CPU
		{072D1882-4F5B-4263-B53F-B868719054A0}.Release|Any CPU.Build.0 = Release|Any CPU
		{072D1882-4F5B-4263-B53F-B868719054A0}.Release|x64.ActiveCfg = Release|Any CPU
		{072D1882-4F5B-4263-B53F-B868719054A0}.Release|x64.Build.0 = Release|Any CPU
		{072D1882-4F5B-4263-B53F-B868719054A0}.Release|x86.ActiveCfg = Release|Any CPU
		{072D1882-4F5B-4263-B53F-B868719054A0}.Release|x86.Build.0 = Release|Any CPU
		{08D33362-02A2-4925-BB71-836960548CFC}.Debug|Any CPU.ActiveCfg = Debug|Any CPU
		{08D33362-02A2-4925-BB71-836960548CFC}.Debug|Any CPU.Build.0 = Debug|Any CPU
		{08D33362-02A2-4925-BB71-836960548CFC}.Debug|x64.ActiveCfg = Debug|Any CPU
		{08D33362-02A2-4925-BB71-836960548CFC}.Debug|x64.Build.0 = Debug|Any CPU
		{08D33362-02A2-4925-BB71-836960548CFC}.Debug|x86.ActiveCfg = Debug|Any CPU
		{08D33362-02A2-4925-BB71-836960548CFC}.Debug|x86.Build.0 = Debug|Any CPU
		{08D33362-02A2-4925-BB71-836960548CFC}.Release|Any CPU.ActiveCfg = Release|Any CPU
		{08D33362-02A2-4925-BB71-836960548CFC}.Release|Any CPU.Build.0 = Release|Any CPU
		{08D33362-02A2-4925-BB71-836960548CFC}.Release|x64.ActiveCfg = Release|Any CPU
		{08D33362-02A2-4925-BB71-836960548CFC}.Release|x64.Build.0 = Release|Any CPU
		{08D33362-02A2-4925-BB71-836960548CFC}.Release|x86.ActiveCfg = Release|Any CPU
		{08D33362-02A2-4925-BB71-836960548CFC}.Release|x86.Build.0 = Release|Any CPU
		{01289A9C-2155-4822-8718-A82DF9A444B1}.Debug|Any CPU.ActiveCfg = Debug|Any CPU
		{01289A9C-2155-4822-8718-A82DF9A444B1}.Debug|Any CPU.Build.0 = Debug|Any CPU
		{01289A9C-2155-4822-8718-A82DF9A444B1}.Debug|x64.ActiveCfg = Debug|Any CPU
		{01289A9C-2155-4822-8718-A82DF9A444B1}.Debug|x64.Build.0 = Debug|Any CPU
		{01289A9C-2155-4822-8718-A82DF9A444B1}.Debug|x86.ActiveCfg = Debug|Any CPU
		{01289A9C-2155-4822-8718-A82DF9A444B1}.Debug|x86.Build.0 = Debug|Any CPU
		{01289A9C-2155-4822-8718-A82DF9A444B1}.Release|Any CPU.ActiveCfg = Release|Any CPU
		{01289A9C-2155-4822-8718-A82DF9A444B1}.Release|Any CPU.Build.0 = Release|Any CPU
		{01289A9C-2155-4822-8718-A82DF9A444B1}.Release|x64.ActiveCfg = Release|Any CPU
		{01289A9C-2155-4822-8718-A82DF9A444B1}.Release|x64.Build.0 = Release|Any CPU
		{01289A9C-2155-4822-8718-A82DF9A444B1}.Release|x86.ActiveCfg = Release|Any CPU
		{01289A9C-2155-4822-8718-A82DF9A444B1}.Release|x86.Build.0 = Release|Any CPU
		{D0B24102-9AA9-4A17-A7F0-0FC807CA1692}.Debug|Any CPU.ActiveCfg = Debug|Any CPU
		{D0B24102-9AA9-4A17-A7F0-0FC807CA1692}.Debug|Any CPU.Build.0 = Debug|Any CPU
		{D0B24102-9AA9-4A17-A7F0-0FC807CA1692}.Debug|x64.ActiveCfg = Debug|Any CPU
		{D0B24102-9AA9-4A17-A7F0-0FC807CA1692}.Debug|x64.Build.0 = Debug|Any CPU
		{D0B24102-9AA9-4A17-A7F0-0FC807CA1692}.Debug|x86.ActiveCfg = Debug|Any CPU
		{D0B24102-9AA9-4A17-A7F0-0FC807CA1692}.Debug|x86.Build.0 = Debug|Any CPU
		{D0B24102-9AA9-4A17-A7F0-0FC807CA1692}.Release|Any CPU.ActiveCfg = Release|Any CPU
		{D0B24102-9AA9-4A17-A7F0-0FC807CA1692}.Release|Any CPU.Build.0 = Release|Any CPU
		{D0B24102-9AA9-4A17-A7F0-0FC807CA1692}.Release|x64.ActiveCfg = Release|Any CPU
		{D0B24102-9AA9-4A17-A7F0-0FC807CA1692}.Release|x64.Build.0 = Release|Any CPU
		{D0B24102-9AA9-4A17-A7F0-0FC807CA1692}.Release|x86.ActiveCfg = Release|Any CPU
		{D0B24102-9AA9-4A17-A7F0-0FC807CA1692}.Release|x86.Build.0 = Release|Any CPU
		{EE61685D-075D-4A1B-B42A-A564460DDF1B}.Debug|Any CPU.ActiveCfg = Debug|Any CPU
		{EE61685D-075D-4A1B-B42A-A564460DDF1B}.Debug|Any CPU.Build.0 = Debug|Any CPU
		{EE61685D-075D-4A1B-B42A-A564460DDF1B}.Debug|x64.ActiveCfg = Debug|Any CPU
		{EE61685D-075D-4A1B-B42A-A564460DDF1B}.Debug|x64.Build.0 = Debug|Any CPU
		{EE61685D-075D-4A1B-B42A-A564460DDF1B}.Debug|x86.ActiveCfg = Debug|Any CPU
		{EE61685D-075D-4A1B-B42A-A564460DDF1B}.Debug|x86.Build.0 = Debug|Any CPU
		{EE61685D-075D-4A1B-B42A-A564460DDF1B}.Release|Any CPU.ActiveCfg = Release|Any CPU
		{EE61685D-075D-4A1B-B42A-A564460DDF1B}.Release|Any CPU.Build.0 = Release|Any CPU
		{EE61685D-075D-4A1B-B42A-A564460DDF1B}.Release|x64.ActiveCfg = Release|Any CPU
		{EE61685D-075D-4A1B-B42A-A564460DDF1B}.Release|x64.Build.0 = Release|Any CPU
		{EE61685D-075D-4A1B-B42A-A564460DDF1B}.Release|x86.ActiveCfg = Release|Any CPU
		{EE61685D-075D-4A1B-B42A-A564460DDF1B}.Release|x86.Build.0 = Release|Any CPU
	EndGlobalSection
	GlobalSection(NestedProjects) = preSolution
		{1C3E6BD3-2E8D-44E3-A143-57938AA7D371} = {5BA8A239-5428-49DA-9AEF-C3C39F702C4B}
		{753FF136-5DCF-4E12-82DD-A32CA2D2F452} = {5BA8A239-5428-49DA-9AEF-C3C39F702C4B}
		{5CAD6A75-7104-43DC-B52D-EF48D208EDD2} = {0D910464-C213-4DA4-A35C-4049F9C426B6}
		{82F08CD0-310A-4F68-85DF-78689FDB7D8A} = {0D910464-C213-4DA4-A35C-4049F9C426B6}
		{732CE5D2-68D5-411D-9430-22772592FEE3} = {A9584EF3-A19A-4D1E-80C5-DA3BA4BDFD03}
		{8B0F5A3E-33B8-475E-8460-3B5CA2099CA5} = {A9584EF3-A19A-4D1E-80C5-DA3BA4BDFD03}
		{072D1882-4F5B-4263-B53F-B868719054A0} = {C7339301-8C9F-491E-81B3-348524528D2D}
		{08D33362-02A2-4925-BB71-836960548CFC} = {0D910464-C213-4DA4-A35C-4049F9C426B6}
		{01289A9C-2155-4822-8718-A82DF9A444B1} = {0D910464-C213-4DA4-A35C-4049F9C426B6}
		{D0B24102-9AA9-4A17-A7F0-0FC807CA1692} = {0D910464-C213-4DA4-A35C-4049F9C426B6}
		{EE61685D-075D-4A1B-B42A-A564460DDF1B} = {DE9B6517-AD78-4EA5-8DB5-808AD9389DEE}
		{5BA8A239-5428-49DA-9AEF-C3C39F702C4B} = {DBC1238E-312D-4053-8C08-95AE4EE0F674}
		{0D910464-C213-4DA4-A35C-4049F9C426B6} = {DBC1238E-312D-4053-8C08-95AE4EE0F674}
		{A9584EF3-A19A-4D1E-80C5-DA3BA4BDFD03} = {DBC1238E-312D-4053-8C08-95AE4EE0F674}
		{C7339301-8C9F-491E-81B3-348524528D2D} = {DBC1238E-312D-4053-8C08-95AE4EE0F674}
	EndGlobalSection
EndGlobal
